// !$*UTF8*$!
{
	archiveVersion = 1;
	classes = {
	};
	objectVersion = 46;
	objects = {

/* Begin PBXBuildFile section */
		B208A7331D691E700039C1C1 /* PushSettingsTableViewController.m in Sources */ = {isa = PBXBuildFile; fileRef = B208A7321D691E700039C1C1 /* PushSettingsTableViewController.m */; };
		B208A7361D691EBF0039C1C1 /* AnimationSettingsTableViewController.m in Sources */ = {isa = PBXBuildFile; fileRef = B208A7351D691EBF0039C1C1 /* AnimationSettingsTableViewController.m */; };
		B208A7391D691EDA0039C1C1 /* ReminderSettingsTableViewController.m in Sources */ = {isa = PBXBuildFile; fileRef = B208A7381D691EDA0039C1C1 /* ReminderSettingsTableViewController.m */; };
		B208A73C1D691EEC0039C1C1 /* TimerSettingsTableViewController.m in Sources */ = {isa = PBXBuildFile; fileRef = B208A73B1D691EEC0039C1C1 /* TimerSettingsTableViewController.m */; };
		B208A73F1D691FB30039C1C1 /* NewVersionTableViewController.m in Sources */ = {isa = PBXBuildFile; fileRef = B208A73E1D691FB30039C1C1 /* NewVersionTableViewController.m */; };
		B208A7421D691FD80039C1C1 /* HelpTableViewController.m in Sources */ = {isa = PBXBuildFile; fileRef = B208A7411D691FD80039C1C1 /* HelpTableViewController.m */; };
		B208A7451D69200D0039C1C1 /* ShareTableViewController.m in Sources */ = {isa = PBXBuildFile; fileRef = B208A7441D69200D0039C1C1 /* ShareTableViewController.m */; };
		B208A7481D6920360039C1C1 /* MessageTableViewController.m in Sources */ = {isa = PBXBuildFile; fileRef = B208A7471D6920360039C1C1 /* MessageTableViewController.m */; };
		B2465B4D1D67096000BFA8F2 /* HistoryViewController.m in Sources */ = {isa = PBXBuildFile; fileRef = B2465B4C1D67096000BFA8F2 /* HistoryViewController.m */; };
		B2465B531D67097700BFA8F2 /* LotteryHallViewController.m in Sources */ = {isa = PBXBuildFile; fileRef = B2465B521D67097700BFA8F2 /* LotteryHallViewController.m */; };
		B2465B561D670A6300BFA8F2 /* MainNavViewController.m in Sources */ = {isa = PBXBuildFile; fileRef = B2465B551D670A6300BFA8F2 /* MainNavViewController.m */; };
		B2465B5E1D6723C900BFA8F2 /* IMNavButtonBarItem.m in Sources */ = {isa = PBXBuildFile; fileRef = B2465B5D1D6723C900BFA8F2 /* IMNavButtonBarItem.m */; };
		B2465B611D6723EA00BFA8F2 /* IMTabButtonBarItem.m in Sources */ = {isa = PBXBuildFile; fileRef = B2465B601D6723EA00BFA8F2 /* IMTabButtonBarItem.m */; };
		B2465B671D680B1900BFA8F2 /* DiscoveryTableViewController.m in Sources */ = {isa = PBXBuildFile; fileRef = B2465B661D680B1900BFA8F2 /* DiscoveryTableViewController.m */; };
		B2465B6D1D68544300BFA8F2 /* IMCellModel.m in Sources */ = {isa = PBXBuildFile; fileRef = B2465B6C1D68544300BFA8F2 /* IMCellModel.m */; };
		B2465B711D68571D00BFA8F2 /* SettingsTableViewController.m in Sources */ = {isa = PBXBuildFile; fileRef = B2465B701D68571D00BFA8F2 /* SettingsTableViewController.m */; };
		B2465B741D685D9300BFA8F2 /* IMTableViewCell.m in Sources */ = {isa = PBXBuildFile; fileRef = B2465B731D685D9300BFA8F2 /* IMTableViewCell.m */; };
		B2465B781D68608D00BFA8F2 /* PushTableViewController.m in Sources */ = {isa = PBXBuildFile; fileRef = B2465B771D68608D00BFA8F2 /* PushTableViewController.m */; };
		B2465B7B1D6863C600BFA8F2 /* IMCellGroupModel.m in Sources */ = {isa = PBXBuildFile; fileRef = B2465B7A1D6863C600BFA8F2 /* IMCellGroupModel.m */; };
		B2465B7F1D686FE700BFA8F2 /* IMArrowCellModel.m in Sources */ = {isa = PBXBuildFile; fileRef = B2465B7E1D686FE700BFA8F2 /* IMArrowCellModel.m */; };
		B2465B821D686FF800BFA8F2 /* IMSwitchCellModel.m in Sources */ = {isa = PBXBuildFile; fileRef = B2465B811D686FF800BFA8F2 /* IMSwitchCellModel.m */; };
		B279423D1D69205F007749DC /* AboutTableViewController.m in Sources */ = {isa = PBXBuildFile; fileRef = B279423C1D69205F007749DC /* AboutTableViewController.m */; };
		B27942401D69278A007749DC /* BaseTableViewController.m in Sources */ = {isa = PBXBuildFile; fileRef = B279423F1D69278A007749DC /* BaseTableViewController.m */; };
		B27942431D6938F4007749DC /* IMLabelCellModel.m in Sources */ = {isa = PBXBuildFile; fileRef = B27942421D6938F4007749DC /* IMLabelCellModel.m */; };
		B27942461D695A55007749DC /* ProductsCollectionViewController.m in Sources */ = {isa = PBXBuildFile; fileRef = B27942451D695A55007749DC /* ProductsCollectionViewController.m */; };
		B27942C21D6993C8007749DC /* ProductModel.m in Sources */ = {isa = PBXBuildFile; fileRef = B27942C11D6993C8007749DC /* ProductModel.m */; };
		B27942CA1D69ADBE007749DC /* more_project.json in Resources */ = {isa = PBXBuildFile; fileRef = B27942C91D69ADBE007749DC /* more_project.json */; };
		B27942CD1D69B14C007749DC /* ProductCollectionViewCell.m in Sources */ = {isa = PBXBuildFile; fileRef = B27942CC1D69B14C007749DC /* ProductCollectionViewCell.m */; };
		B27942CF1D69B8C0007749DC /* ProductCollectionViewCell.xib in Resources */ = {isa = PBXBuildFile; fileRef = B27942CE1D69B8C0007749DC /* ProductCollectionViewCell.xib */; };
		B27943121D6A786B007749DC /* AboutHeaderView.xib in Resources */ = {isa = PBXBuildFile; fileRef = B27943111D6A786B007749DC /* AboutHeaderView.xib */; };
		B27943171D6A9CD1007749DC /* help.json in Resources */ = {isa = PBXBuildFile; fileRef = B27943161D6A9CD1007749DC /* help.json */; };
		B27943361D6A9D9D007749DC /* bjdc_howto.html in Resources */ = {isa = PBXBuildFile; fileRef = B27943191D6A9D9D007749DC /* bjdc_howto.html */; };
		B27943371D6A9D9D007749DC /* coupon_help.html in Resources */ = {isa = PBXBuildFile; fileRef = B279431A1D6A9D9D007749DC /* coupon_help.html */; };
		B27943381D6A9D9D007749DC /* credit_help.html in Resources */ = {isa = PBXBuildFile; fileRef = B279431B1D6A9D9D007749DC /* credit_help.html */; };
		B27943391D6A9D9D007749DC /* dlt_howto.html in Resources */ = {isa = PBXBuildFile; fileRef = B279431C1D6A9D9D007749DC /* dlt_howto.html */; };
		B279433A1D6A9D9D007749DC /* f9_howto.html in Resources */ = {isa = PBXBuildFile; fileRef = B279431D1D6A9D9D007749DC /* f9_howto.html */; };
		B279433B1D6A9D9D007749DC /* gdy11_howto.html in Resources */ = {isa = PBXBuildFile; fileRef = B279431E1D6A9D9D007749DC /* gdy11_howto.html */; };
		B279433C1D6A9D9D007749DC /* group_record.html in Resources */ = {isa = PBXBuildFile; fileRef = B279431F1D6A9D9D007749DC /* group_record.html */; };
		B279433D1D6A9D9D007749DC /* help.html in Resources */ = {isa = PBXBuildFile; fileRef = B27943201D6A9D9D007749DC /* help.html */; };
		B279433E1D6A9D9D007749DC /* helpGroupBuy.html in Resources */ = {isa = PBXBuildFile; fileRef = B27943211D6A9D9D007749DC /* helpGroupBuy.html */; };
		B279433F1D6A9D9D007749DC /* jclq_howto.html in Resources */ = {isa = PBXBuildFile; fileRef = B27943221D6A9D9D007749DC /* jclq_howto.html */; };
		B27943401D6A9D9D007749DC /* jczq_howto.html in Resources */ = {isa = PBXBuildFile; fileRef = B27943231D6A9D9D007749DC /* jczq_howto.html */; };
		B27943411D6A9D9D007749DC /* jxssc_howto.html in Resources */ = {isa = PBXBuildFile; fileRef = B27943241D6A9D9D007749DC /* jxssc_howto.html */; };
		B27943421D6A9D9D007749DC /* jxy11_howto.html in Resources */ = {isa = PBXBuildFile; fileRef = B27943251D6A9D9D007749DC /* jxy11_howto.html */; };
		B27943431D6A9D9D007749DC /* k2_howto.html in Resources */ = {isa = PBXBuildFile; fileRef = B27943261D6A9D9D007749DC /* k2_howto.html */; };
		B27943441D6A9D9D007749DC /* k3_howto.html in Resources */ = {isa = PBXBuildFile; fileRef = B27943271D6A9D9D007749DC /* k3_howto.html */; };
		B27943451D6A9D9D007749DC /* kl8_howto.html in Resources */ = {isa = PBXBuildFile; fileRef = B27943281D6A9D9D007749DC /* kl8_howto.html */; };
		B27943461D6A9D9D007749DC /* lk11_howto.html in Resources */ = {isa = PBXBuildFile; fileRef = B27943291D6A9D9D007749DC /* lk11_howto.html */; };
		B27943471D6A9D9D007749DC /* networkconnectedfailed.html in Resources */ = {isa = PBXBuildFile; fileRef = B279432A1D6A9D9D007749DC /* networkconnectedfailed.html */; };
		B27943481D6A9D9D007749DC /* pl3_howto.html in Resources */ = {isa = PBXBuildFile; fileRef = B279432B1D6A9D9D007749DC /* pl3_howto.html */; };
		B27943491D6A9D9D007749DC /* pl5_howto.html in Resources */ = {isa = PBXBuildFile; fileRef = B279432C1D6A9D9D007749DC /* pl5_howto.html */; };
		B279434A1D6A9D9D007749DC /* qlc_howto.html in Resources */ = {isa = PBXBuildFile; fileRef = B279432D1D6A9D9D007749DC /* qlc_howto.html */; };
		B279434B1D6A9D9D007749DC /* qxc_howto.html in Resources */ = {isa = PBXBuildFile; fileRef = B279432E1D6A9D9D007749DC /* qxc_howto.html */; };
		B279434C1D6A9D9D007749DC /* rule.css in Resources */ = {isa = PBXBuildFile; fileRef = B279432F1D6A9D9D007749DC /* rule.css */; };
		B279434D1D6A9D9D007749DC /* sfc_howto.html in Resources */ = {isa = PBXBuildFile; fileRef = B27943301D6A9D9D007749DC /* sfc_howto.html */; };
		B279434E1D6A9D9D007749DC /* ssc_howto.html in Resources */ = {isa = PBXBuildFile; fileRef = B27943311D6A9D9D007749DC /* ssc_howto.html */; };
		B279434F1D6A9D9D007749DC /* ssq_howto.html in Resources */ = {isa = PBXBuildFile; fileRef = B27943321D6A9D9D007749DC /* ssq_howto.html */; };
		B27943501D6A9D9D007749DC /* x3d_howto.html in Resources */ = {isa = PBXBuildFile; fileRef = B27943331D6A9D9D007749DC /* x3d_howto.html */; };
		B27943511D6A9D9D007749DC /* y11_howto.html in Resources */ = {isa = PBXBuildFile; fileRef = B27943341D6A9D9D007749DC /* y11_howto.html */; };
		B27943521D6A9D9D007749DC /* znzh.html in Resources */ = {isa = PBXBuildFile; fileRef = B27943351D6A9D9D007749DC /* znzh.html */; };
		B27943561D6AA18C007749DC /* WebViewController.m in Sources */ = {isa = PBXBuildFile; fileRef = B27943551D6AA18C007749DC /* WebViewController.m */; };
		B27943591D6AA597007749DC /* IMWebModel.m in Sources */ = {isa = PBXBuildFile; fileRef = B27943581D6AA597007749DC /* IMWebModel.m */; };
		B27943631D6B16D4007749DC /* MBProgressHUD+MJ.m in Sources */ = {isa = PBXBuildFile; fileRef = B279435F1D6B16D4007749DC /* MBProgressHUD+MJ.m */; };
		B27943641D6B16D4007749DC /* MBProgressHUD.bundle in Resources */ = {isa = PBXBuildFile; fileRef = B27943601D6B16D4007749DC /* MBProgressHUD.bundle */; };
		B27943651D6B16D4007749DC /* MBProgressHUD.m in Sources */ = {isa = PBXBuildFile; fileRef = B27943621D6B16D4007749DC /* MBProgressHUD.m */; };
		B28F60C31D6436730073813B /* main.m in Sources */ = {isa = PBXBuildFile; fileRef = B28F60C21D6436730073813B /* main.m */; };
		B28F60C61D6436730073813B /* AppDelegate.m in Sources */ = {isa = PBXBuildFile; fileRef = B28F60C51D6436730073813B /* AppDelegate.m */; };
		B28F60CC1D6436730073813B /* Main.storyboard in Resources */ = {isa = PBXBuildFile; fileRef = B28F60CA1D6436730073813B /* Main.storyboard */; };
		B28F60CE1D6436730073813B /* Assets.xcassets in Resources */ = {isa = PBXBuildFile; fileRef = B28F60CD1D6436730073813B /* Assets.xcassets */; };
		B28F60D11D6436730073813B /* LaunchScreen.storyboard in Resources */ = {isa = PBXBuildFile; fileRef = B28F60CF1D6436730073813B /* LaunchScreen.storyboard */; };
		B28F60DC1D6436730073813B /* IMLotteryTests.m in Sources */ = {isa = PBXBuildFile; fileRef = B28F60DB1D6436730073813B /* IMLotteryTests.m */; };
		B28F60E71D6436730073813B /* IMLotteryUITests.m in Sources */ = {isa = PBXBuildFile; fileRef = B28F60E61D6436730073813B /* IMLotteryUITests.m */; };
		B28F60F61D6436AC0073813B /* MainTabBarController.m in Sources */ = {isa = PBXBuildFile; fileRef = B28F60F51D6436AC0073813B /* MainTabBarController.m */; };
		B28F610C1D643F540073813B /* MainTabBar.m in Sources */ = {isa = PBXBuildFile; fileRef = B28F610B1D643F540073813B /* MainTabBar.m */; };
		B28F610F1D6440790073813B /* UIView+Extension.m in Sources */ = {isa = PBXBuildFile; fileRef = B28F610E1D6440790073813B /* UIView+Extension.m */; };
		B28F61121D6445470073813B /* UIColor+Extension.m in Sources */ = {isa = PBXBuildFile; fileRef = B28F61111D6445470073813B /* UIColor+Extension.m */; };
/* End PBXBuildFile section */

/* Begin PBXContainerItemProxy section */
		B28F60D81D6436730073813B /* PBXContainerItemProxy */ = {
			isa = PBXContainerItemProxy;
			containerPortal = B28F60B61D6436730073813B /* Project object */;
			proxyType = 1;
			remoteGlobalIDString = B28F60BD1D6436730073813B;
			remoteInfo = IMLottery;
		};
		B28F60E31D6436730073813B /* PBXContainerItemProxy */ = {
			isa = PBXContainerItemProxy;
			containerPortal = B28F60B61D6436730073813B /* Project object */;
			proxyType = 1;
			remoteGlobalIDString = B28F60BD1D6436730073813B;
			remoteInfo = IMLottery;
		};
/* End PBXContainerItemProxy section */

/* Begin PBXFileReference section */
		B208A7311D691E700039C1C1 /* PushSettingsTableViewController.h */ = {isa = PBXFileReference; fileEncoding = 4; lastKnownFileType = sourcecode.c.h; path = PushSettingsTableViewController.h; sourceTree = "<group>"; };
		B208A7321D691E700039C1C1 /* PushSettingsTableViewController.m */ = {isa = PBXFileReference; fileEncoding = 4; lastKnownFileType = sourcecode.c.objc; lineEnding = 0; path = PushSettingsTableViewController.m; sourceTree = "<group>"; xcLanguageSpecificationIdentifier = xcode.lang.objc; };
		B208A7341D691EBF0039C1C1 /* AnimationSettingsTableViewController.h */ = {isa = PBXFileReference; fileEncoding = 4; lastKnownFileType = sourcecode.c.h; path = AnimationSettingsTableViewController.h; sourceTree = "<group>"; };
		B208A7351D691EBF0039C1C1 /* AnimationSettingsTableViewController.m */ = {isa = PBXFileReference; fileEncoding = 4; lastKnownFileType = sourcecode.c.objc; lineEnding = 0; path = AnimationSettingsTableViewController.m; sourceTree = "<group>"; xcLanguageSpecificationIdentifier = xcode.lang.objc; };
		B208A7371D691EDA0039C1C1 /* ReminderSettingsTableViewController.h */ = {isa = PBXFileReference; fileEncoding = 4; lastKnownFileType = sourcecode.c.h; path = ReminderSettingsTableViewController.h; sourceTree = "<group>"; };
		B208A7381D691EDA0039C1C1 /* ReminderSettingsTableViewController.m */ = {isa = PBXFileReference; fileEncoding = 4; lastKnownFileType = sourcecode.c.objc; lineEnding = 0; path = ReminderSettingsTableViewController.m; sourceTree = "<group>"; xcLanguageSpecificationIdentifier = xcode.lang.objc; };
		B208A73A1D691EEC0039C1C1 /* TimerSettingsTableViewController.h */ = {isa = PBXFileReference; fileEncoding = 4; lastKnownFileType = sourcecode.c.h; path = TimerSettingsTableViewController.h; sourceTree = "<group>"; };
		B208A73B1D691EEC0039C1C1 /* TimerSettingsTableViewController.m */ = {isa = PBXFileReference; fileEncoding = 4; lastKnownFileType = sourcecode.c.objc; path = TimerSettingsTableViewController.m; sourceTree = "<group>"; };
		B208A73D1D691FB30039C1C1 /* NewVersionTableViewController.h */ = {isa = PBXFileReference; fileEncoding = 4; lastKnownFileType = sourcecode.c.h; path = NewVersionTableViewController.h; sourceTree = "<group>"; };
		B208A73E1D691FB30039C1C1 /* NewVersionTableViewController.m */ = {isa = PBXFileReference; fileEncoding = 4; lastKnownFileType = sourcecode.c.objc; path = NewVersionTableViewController.m; sourceTree = "<group>"; };
		B208A7401D691FD80039C1C1 /* HelpTableViewController.h */ = {isa = PBXFileReference; fileEncoding = 4; lastKnownFileType = sourcecode.c.h; path = HelpTableViewController.h; sourceTree = "<group>"; };
		B208A7411D691FD80039C1C1 /* HelpTableViewController.m */ = {isa = PBXFileReference; fileEncoding = 4; lastKnownFileType = sourcecode.c.objc; path = HelpTableViewController.m; sourceTree = "<group>"; };
		B208A7431D69200D0039C1C1 /* ShareTableViewController.h */ = {isa = PBXFileReference; fileEncoding = 4; lastKnownFileType = sourcecode.c.h; path = ShareTableViewController.h; sourceTree = "<group>"; };
		B208A7441D69200D0039C1C1 /* ShareTableViewController.m */ = {isa = PBXFileReference; fileEncoding = 4; lastKnownFileType = sourcecode.c.objc; path = ShareTableViewController.m; sourceTree = "<group>"; };
		B208A7461D6920360039C1C1 /* MessageTableViewController.h */ = {isa = PBXFileReference; fileEncoding = 4; lastKnownFileType = sourcecode.c.h; path = MessageTableViewController.h; sourceTree = "<group>"; };
		B208A7471D6920360039C1C1 /* MessageTableViewController.m */ = {isa = PBXFileReference; fileEncoding = 4; lastKnownFileType = sourcecode.c.objc; path = MessageTableViewController.m; sourceTree = "<group>"; };
		B2465B4B1D67096000BFA8F2 /* HistoryViewController.h */ = {isa = PBXFileReference; fileEncoding = 4; lastKnownFileType = sourcecode.c.h; path = HistoryViewController.h; sourceTree = "<group>"; };
		B2465B4C1D67096000BFA8F2 /* HistoryViewController.m */ = {isa = PBXFileReference; fileEncoding = 4; lastKnownFileType = sourcecode.c.objc; path = HistoryViewController.m; sourceTree = "<group>"; };
		B2465B511D67097700BFA8F2 /* LotteryHallViewController.h */ = {isa = PBXFileReference; fileEncoding = 4; lastKnownFileType = sourcecode.c.h; path = LotteryHallViewController.h; sourceTree = "<group>"; };
		B2465B521D67097700BFA8F2 /* LotteryHallViewController.m */ = {isa = PBXFileReference; fileEncoding = 4; lastKnownFileType = sourcecode.c.objc; path = LotteryHallViewController.m; sourceTree = "<group>"; };
		B2465B541D670A6300BFA8F2 /* MainNavViewController.h */ = {isa = PBXFileReference; fileEncoding = 4; lastKnownFileType = sourcecode.c.h; path = MainNavViewController.h; sourceTree = "<group>"; };
		B2465B551D670A6300BFA8F2 /* MainNavViewController.m */ = {isa = PBXFileReference; fileEncoding = 4; lastKnownFileType = sourcecode.c.objc; path = MainNavViewController.m; sourceTree = "<group>"; };
		B2465B5C1D6723C900BFA8F2 /* IMNavButtonBarItem.h */ = {isa = PBXFileReference; fileEncoding = 4; lastKnownFileType = sourcecode.c.h; path = IMNavButtonBarItem.h; sourceTree = "<group>"; };
		B2465B5D1D6723C900BFA8F2 /* IMNavButtonBarItem.m */ = {isa = PBXFileReference; fileEncoding = 4; lastKnownFileType = sourcecode.c.objc; path = IMNavButtonBarItem.m; sourceTree = "<group>"; };
		B2465B5F1D6723EA00BFA8F2 /* IMTabButtonBarItem.h */ = {isa = PBXFileReference; fileEncoding = 4; lastKnownFileType = sourcecode.c.h; path = IMTabButtonBarItem.h; sourceTree = "<group>"; };
		B2465B601D6723EA00BFA8F2 /* IMTabButtonBarItem.m */ = {isa = PBXFileReference; fileEncoding = 4; lastKnownFileType = sourcecode.c.objc; path = IMTabButtonBarItem.m; sourceTree = "<group>"; };
		B2465B651D680B1900BFA8F2 /* DiscoveryTableViewController.h */ = {isa = PBXFileReference; fileEncoding = 4; lastKnownFileType = sourcecode.c.h; path = DiscoveryTableViewController.h; sourceTree = "<group>"; };
		B2465B661D680B1900BFA8F2 /* DiscoveryTableViewController.m */ = {isa = PBXFileReference; fileEncoding = 4; lastKnownFileType = sourcecode.c.objc; path = DiscoveryTableViewController.m; sourceTree = "<group>"; };
		B2465B6B1D68544300BFA8F2 /* IMCellModel.h */ = {isa = PBXFileReference; fileEncoding = 4; lastKnownFileType = sourcecode.c.h; path = IMCellModel.h; sourceTree = "<group>"; };
		B2465B6C1D68544300BFA8F2 /* IMCellModel.m */ = {isa = PBXFileReference; fileEncoding = 4; lastKnownFileType = sourcecode.c.objc; path = IMCellModel.m; sourceTree = "<group>"; };
		B2465B6F1D68571D00BFA8F2 /* SettingsTableViewController.h */ = {isa = PBXFileReference; fileEncoding = 4; lastKnownFileType = sourcecode.c.h; path = SettingsTableViewController.h; sourceTree = "<group>"; };
		B2465B701D68571D00BFA8F2 /* SettingsTableViewController.m */ = {isa = PBXFileReference; fileEncoding = 4; lastKnownFileType = sourcecode.c.objc; lineEnding = 0; path = SettingsTableViewController.m; sourceTree = "<group>"; xcLanguageSpecificationIdentifier = xcode.lang.objc; };
		B2465B721D685D9300BFA8F2 /* IMTableViewCell.h */ = {isa = PBXFileReference; fileEncoding = 4; lastKnownFileType = sourcecode.c.h; path = IMTableViewCell.h; sourceTree = "<group>"; };
		B2465B731D685D9300BFA8F2 /* IMTableViewCell.m */ = {isa = PBXFileReference; fileEncoding = 4; lastKnownFileType = sourcecode.c.objc; path = IMTableViewCell.m; sourceTree = "<group>"; };
		B2465B761D68608D00BFA8F2 /* PushTableViewController.h */ = {isa = PBXFileReference; fileEncoding = 4; lastKnownFileType = sourcecode.c.h; path = PushTableViewController.h; sourceTree = "<group>"; };
		B2465B771D68608D00BFA8F2 /* PushTableViewController.m */ = {isa = PBXFileReference; fileEncoding = 4; lastKnownFileType = sourcecode.c.objc; lineEnding = 0; path = PushTableViewController.m; sourceTree = "<group>"; xcLanguageSpecificationIdentifier = xcode.lang.objc; };
		B2465B791D6863C600BFA8F2 /* IMCellGroupModel.h */ = {isa = PBXFileReference; fileEncoding = 4; lastKnownFileType = sourcecode.c.h; path = IMCellGroupModel.h; sourceTree = "<group>"; };
		B2465B7A1D6863C600BFA8F2 /* IMCellGroupModel.m */ = {isa = PBXFileReference; fileEncoding = 4; lastKnownFileType = sourcecode.c.objc; path = IMCellGroupModel.m; sourceTree = "<group>"; };
		B2465B7D1D686FE700BFA8F2 /* IMArrowCellModel.h */ = {isa = PBXFileReference; fileEncoding = 4; lastKnownFileType = sourcecode.c.h; path = IMArrowCellModel.h; sourceTree = "<group>"; };
		B2465B7E1D686FE700BFA8F2 /* IMArrowCellModel.m */ = {isa = PBXFileReference; fileEncoding = 4; lastKnownFileType = sourcecode.c.objc; path = IMArrowCellModel.m; sourceTree = "<group>"; };
		B2465B801D686FF800BFA8F2 /* IMSwitchCellModel.h */ = {isa = PBXFileReference; fileEncoding = 4; lastKnownFileType = sourcecode.c.h; path = IMSwitchCellModel.h; sourceTree = "<group>"; };
		B2465B811D686FF800BFA8F2 /* IMSwitchCellModel.m */ = {isa = PBXFileReference; fileEncoding = 4; lastKnownFileType = sourcecode.c.objc; path = IMSwitchCellModel.m; sourceTree = "<group>"; };
		B279423B1D69205F007749DC /* AboutTableViewController.h */ = {isa = PBXFileReference; fileEncoding = 4; lastKnownFileType = sourcecode.c.h; path = AboutTableViewController.h; sourceTree = "<group>"; };
		B279423C1D69205F007749DC /* AboutTableViewController.m */ = {isa = PBXFileReference; fileEncoding = 4; lastKnownFileType = sourcecode.c.objc; path = AboutTableViewController.m; sourceTree = "<group>"; };
		B279423E1D69278A007749DC /* BaseTableViewController.h */ = {isa = PBXFileReference; fileEncoding = 4; lastKnownFileType = sourcecode.c.h; path = BaseTableViewController.h; sourceTree = "<group>"; };
		B279423F1D69278A007749DC /* BaseTableViewController.m */ = {isa = PBXFileReference; fileEncoding = 4; lastKnownFileType = sourcecode.c.objc; path = BaseTableViewController.m; sourceTree = "<group>"; };
		B27942411D6938F4007749DC /* IMLabelCellModel.h */ = {isa = PBXFileReference; fileEncoding = 4; lastKnownFileType = sourcecode.c.h; path = IMLabelCellModel.h; sourceTree = "<group>"; };
		B27942421D6938F4007749DC /* IMLabelCellModel.m */ = {isa = PBXFileReference; fileEncoding = 4; lastKnownFileType = sourcecode.c.objc; path = IMLabelCellModel.m; sourceTree = "<group>"; };
		B27942441D695A55007749DC /* ProductsCollectionViewController.h */ = {isa = PBXFileReference; fileEncoding = 4; lastKnownFileType = sourcecode.c.h; path = ProductsCollectionViewController.h; sourceTree = "<group>"; };
		B27942451D695A55007749DC /* ProductsCollectionViewController.m */ = {isa = PBXFileReference; fileEncoding = 4; lastKnownFileType = sourcecode.c.objc; path = ProductsCollectionViewController.m; sourceTree = "<group>"; };
		B27942C01D6993C8007749DC /* ProductModel.h */ = {isa = PBXFileReference; fileEncoding = 4; lastKnownFileType = sourcecode.c.h; path = ProductModel.h; sourceTree = "<group>"; };
		B27942C11D6993C8007749DC /* ProductModel.m */ = {isa = PBXFileReference; fileEncoding = 4; lastKnownFileType = sourcecode.c.objc; path = ProductModel.m; sourceTree = "<group>"; };
		B27942C91D69ADBE007749DC /* more_project.json */ = {isa = PBXFileReference; fileEncoding = 4; lastKnownFileType = text.json; path = more_project.json; sourceTree = "<group>"; };
		B27942CB1D69B14C007749DC /* ProductCollectionViewCell.h */ = {isa = PBXFileReference; fileEncoding = 4; lastKnownFileType = sourcecode.c.h; path = ProductCollectionViewCell.h; sourceTree = "<group>"; };
		B27942CC1D69B14C007749DC /* ProductCollectionViewCell.m */ = {isa = PBXFileReference; fileEncoding = 4; lastKnownFileType = sourcecode.c.objc; path = ProductCollectionViewCell.m; sourceTree = "<group>"; };
		B27942CE1D69B8C0007749DC /* ProductCollectionViewCell.xib */ = {isa = PBXFileReference; fileEncoding = 4; lastKnownFileType = file.xib; path = ProductCollectionViewCell.xib; sourceTree = "<group>"; };
		B27943111D6A786B007749DC /* AboutHeaderView.xib */ = {isa = PBXFileReference; fileEncoding = 4; lastKnownFileType = file.xib; path = AboutHeaderView.xib; sourceTree = "<group>"; };
		B27943161D6A9CD1007749DC /* help.json */ = {isa = PBXFileReference; fileEncoding = 4; lastKnownFileType = text.json; path = help.json; sourceTree = "<group>"; };
		B27943191D6A9D9D007749DC /* bjdc_howto.html */ = {isa = PBXFileReference; fileEncoding = 4; lastKnownFileType = text.html; path = bjdc_howto.html; sourceTree = "<group>"; };
		B279431A1D6A9D9D007749DC /* coupon_help.html */ = {isa = PBXFileReference; fileEncoding = 4; lastKnownFileType = text.html; path = coupon_help.html; sourceTree = "<group>"; };
		B279431B1D6A9D9D007749DC /* credit_help.html */ = {isa = PBXFileReference; fileEncoding = 4; lastKnownFileType = text.html; path = credit_help.html; sourceTree = "<group>"; };
		B279431C1D6A9D9D007749DC /* dlt_howto.html */ = {isa = PBXFileReference; fileEncoding = 4; lastKnownFileType = text.html; path = dlt_howto.html; sourceTree = "<group>"; };
		B279431D1D6A9D9D007749DC /* f9_howto.html */ = {isa = PBXFileReference; fileEncoding = 4; lastKnownFileType = text.html; path = f9_howto.html; sourceTree = "<group>"; };
		B279431E1D6A9D9D007749DC /* gdy11_howto.html */ = {isa = PBXFileReference; fileEncoding = 4; lastKnownFileType = text.html; path = gdy11_howto.html; sourceTree = "<group>"; };
		B279431F1D6A9D9D007749DC /* group_record.html */ = {isa = PBXFileReference; fileEncoding = 4; lastKnownFileType = text.html; path = group_record.html; sourceTree = "<group>"; };
		B27943201D6A9D9D007749DC /* help.html */ = {isa = PBXFileReference; fileEncoding = 4; lastKnownFileType = text.html; path = help.html; sourceTree = "<group>"; };
		B27943211D6A9D9D007749DC /* helpGroupBuy.html */ = {isa = PBXFileReference; fileEncoding = 4; lastKnownFileType = text.html; path = helpGroupBuy.html; sourceTree = "<group>"; };
		B27943221D6A9D9D007749DC /* jclq_howto.html */ = {isa = PBXFileReference; fileEncoding = 4; lastKnownFileType = text.html; path = jclq_howto.html; sourceTree = "<group>"; };
		B27943231D6A9D9D007749DC /* jczq_howto.html */ = {isa = PBXFileReference; fileEncoding = 4; lastKnownFileType = text.html; path = jczq_howto.html; sourceTree = "<group>"; };
		B27943241D6A9D9D007749DC /* jxssc_howto.html */ = {isa = PBXFileReference; fileEncoding = 4; lastKnownFileType = text.html; path = jxssc_howto.html; sourceTree = "<group>"; };
		B27943251D6A9D9D007749DC /* jxy11_howto.html */ = {isa = PBXFileReference; fileEncoding = 4; lastKnownFileType = text.html; path = jxy11_howto.html; sourceTree = "<group>"; };
		B27943261D6A9D9D007749DC /* k2_howto.html */ = {isa = PBXFileReference; fileEncoding = 4; lastKnownFileType = text.html; path = k2_howto.html; sourceTree = "<group>"; };
		B27943271D6A9D9D007749DC /* k3_howto.html */ = {isa = PBXFileReference; fileEncoding = 4; lastKnownFileType = text.html; path = k3_howto.html; sourceTree = "<group>"; };
		B27943281D6A9D9D007749DC /* kl8_howto.html */ = {isa = PBXFileReference; fileEncoding = 4; lastKnownFileType = text.html; path = kl8_howto.html; sourceTree = "<group>"; };
		B27943291D6A9D9D007749DC /* lk11_howto.html */ = {isa = PBXFileReference; fileEncoding = 4; lastKnownFileType = text.html; path = lk11_howto.html; sourceTree = "<group>"; };
		B279432A1D6A9D9D007749DC /* networkconnectedfailed.html */ = {isa = PBXFileReference; fileEncoding = 4; lastKnownFileType = text.html; path = networkconnectedfailed.html; sourceTree = "<group>"; };
		B279432B1D6A9D9D007749DC /* pl3_howto.html */ = {isa = PBXFileReference; fileEncoding = 4; lastKnownFileType = text.html; path = pl3_howto.html; sourceTree = "<group>"; };
		B279432C1D6A9D9D007749DC /* pl5_howto.html */ = {isa = PBXFileReference; fileEncoding = 4; lastKnownFileType = text.html; path = pl5_howto.html; sourceTree = "<group>"; };
		B279432D1D6A9D9D007749DC /* qlc_howto.html */ = {isa = PBXFileReference; fileEncoding = 4; lastKnownFileType = text.html; path = qlc_howto.html; sourceTree = "<group>"; };
		B279432E1D6A9D9D007749DC /* qxc_howto.html */ = {isa = PBXFileReference; fileEncoding = 4; lastKnownFileType = text.html; path = qxc_howto.html; sourceTree = "<group>"; };
		B279432F1D6A9D9D007749DC /* rule.css */ = {isa = PBXFileReference; fileEncoding = 4; lastKnownFileType = text.css; path = rule.css; sourceTree = "<group>"; };
		B27943301D6A9D9D007749DC /* sfc_howto.html */ = {isa = PBXFileReference; fileEncoding = 4; lastKnownFileType = text.html; path = sfc_howto.html; sourceTree = "<group>"; };
		B27943311D6A9D9D007749DC /* ssc_howto.html */ = {isa = PBXFileReference; fileEncoding = 4; lastKnownFileType = text.html; path = ssc_howto.html; sourceTree = "<group>"; };
		B27943321D6A9D9D007749DC /* ssq_howto.html */ = {isa = PBXFileReference; fileEncoding = 4; lastKnownFileType = text.html; path = ssq_howto.html; sourceTree = "<group>"; };
		B27943331D6A9D9D007749DC /* x3d_howto.html */ = {isa = PBXFileReference; fileEncoding = 4; lastKnownFileType = text.html; path = x3d_howto.html; sourceTree = "<group>"; };
		B27943341D6A9D9D007749DC /* y11_howto.html */ = {isa = PBXFileReference; fileEncoding = 4; lastKnownFileType = text.html; path = y11_howto.html; sourceTree = "<group>"; };
		B27943351D6A9D9D007749DC /* znzh.html */ = {isa = PBXFileReference; fileEncoding = 4; lastKnownFileType = text.html; path = znzh.html; sourceTree = "<group>"; };
		B27943541D6AA18C007749DC /* WebViewController.h */ = {isa = PBXFileReference; fileEncoding = 4; lastKnownFileType = sourcecode.c.h; path = WebViewController.h; sourceTree = "<group>"; };
		B27943551D6AA18C007749DC /* WebViewController.m */ = {isa = PBXFileReference; fileEncoding = 4; lastKnownFileType = sourcecode.c.objc; path = WebViewController.m; sourceTree = "<group>"; };
		B27943571D6AA597007749DC /* IMWebModel.h */ = {isa = PBXFileReference; fileEncoding = 4; lastKnownFileType = sourcecode.c.h; path = IMWebModel.h; sourceTree = "<group>"; };
		B27943581D6AA597007749DC /* IMWebModel.m */ = {isa = PBXFileReference; fileEncoding = 4; lastKnownFileType = sourcecode.c.objc; path = IMWebModel.m; sourceTree = "<group>"; };
		B279435E1D6B16D4007749DC /* MBProgressHUD+MJ.h */ = {isa = PBXFileReference; fileEncoding = 4; lastKnownFileType = sourcecode.c.h; path = "MBProgressHUD+MJ.h"; sourceTree = "<group>"; };
		B279435F1D6B16D4007749DC /* MBProgressHUD+MJ.m */ = {isa = PBXFileReference; fileEncoding = 4; lastKnownFileType = sourcecode.c.objc; path = "MBProgressHUD+MJ.m"; sourceTree = "<group>"; };
		B27943601D6B16D4007749DC /* MBProgressHUD.bundle */ = {isa = PBXFileReference; lastKnownFileType = "wrapper.plug-in"; path = MBProgressHUD.bundle; sourceTree = "<group>"; };
		B27943611D6B16D4007749DC /* MBProgressHUD.h */ = {isa = PBXFileReference; fileEncoding = 4; lastKnownFileType = sourcecode.c.h; path = MBProgressHUD.h; sourceTree = "<group>"; };
		B27943621D6B16D4007749DC /* MBProgressHUD.m */ = {isa = PBXFileReference; fileEncoding = 4; lastKnownFileType = sourcecode.c.objc; path = MBProgressHUD.m; sourceTree = "<group>"; };
		B28F60BE1D6436730073813B /* IMLottery.app */ = {isa = PBXFileReference; explicitFileType = wrapper.application; includeInIndex = 0; path = IMLottery.app; sourceTree = BUILT_PRODUCTS_DIR; };
		B28F60C21D6436730073813B /* main.m */ = {isa = PBXFileReference; lastKnownFileType = sourcecode.c.objc; path = main.m; sourceTree = "<group>"; };
		B28F60C41D6436730073813B /* AppDelegate.h */ = {isa = PBXFileReference; lastKnownFileType = sourcecode.c.h; path = AppDelegate.h; sourceTree = "<group>"; };
		B28F60C51D6436730073813B /* AppDelegate.m */ = {isa = PBXFileReference; lastKnownFileType = sourcecode.c.objc; path = AppDelegate.m; sourceTree = "<group>"; };
		B28F60CB1D6436730073813B /* Base */ = {isa = PBXFileReference; lastKnownFileType = file.storyboard; name = Base; path = Base.lproj/Main.storyboard; sourceTree = "<group>"; };
		B28F60CD1D6436730073813B /* Assets.xcassets */ = {isa = PBXFileReference; lastKnownFileType = folder.assetcatalog; name = Assets.xcassets; path = IMLottery/Assets.xcassets; sourceTree = "<group>"; };
		B28F60D01D6436730073813B /* Base */ = {isa = PBXFileReference; lastKnownFileType = file.storyboard; name = Base; path = Base.lproj/LaunchScreen.storyboard; sourceTree = "<group>"; };
		B28F60D21D6436730073813B /* Info.plist */ = {isa = PBXFileReference; lastKnownFileType = text.plist.xml; path = Info.plist; sourceTree = "<group>"; };
		B28F60D71D6436730073813B /* IMLotteryTests.xctest */ = {isa = PBXFileReference; explicitFileType = wrapper.cfbundle; includeInIndex = 0; path = IMLotteryTests.xctest; sourceTree = BUILT_PRODUCTS_DIR; };
		B28F60DB1D6436730073813B /* IMLotteryTests.m */ = {isa = PBXFileReference; lastKnownFileType = sourcecode.c.objc; path = IMLotteryTests.m; sourceTree = "<group>"; };
		B28F60DD1D6436730073813B /* Info.plist */ = {isa = PBXFileReference; lastKnownFileType = text.plist.xml; path = Info.plist; sourceTree = "<group>"; };
		B28F60E21D6436730073813B /* IMLotteryUITests.xctest */ = {isa = PBXFileReference; explicitFileType = wrapper.cfbundle; includeInIndex = 0; path = IMLotteryUITests.xctest; sourceTree = BUILT_PRODUCTS_DIR; };
		B28F60E61D6436730073813B /* IMLotteryUITests.m */ = {isa = PBXFileReference; lastKnownFileType = sourcecode.c.objc; path = IMLotteryUITests.m; sourceTree = "<group>"; };
		B28F60E81D6436730073813B /* Info.plist */ = {isa = PBXFileReference; lastKnownFileType = text.plist.xml; path = Info.plist; sourceTree = "<group>"; };
		B28F60F41D6436AC0073813B /* MainTabBarController.h */ = {isa = PBXFileReference; fileEncoding = 4; lastKnownFileType = sourcecode.c.h; path = MainTabBarController.h; sourceTree = "<group>"; };
		B28F60F51D6436AC0073813B /* MainTabBarController.m */ = {isa = PBXFileReference; fileEncoding = 4; lastKnownFileType = sourcecode.c.objc; path = MainTabBarController.m; sourceTree = "<group>"; };
		B28F610A1D643F540073813B /* MainTabBar.h */ = {isa = PBXFileReference; fileEncoding = 4; lastKnownFileType = sourcecode.c.h; path = MainTabBar.h; sourceTree = "<group>"; };
		B28F610B1D643F540073813B /* MainTabBar.m */ = {isa = PBXFileReference; fileEncoding = 4; lastKnownFileType = sourcecode.c.objc; path = MainTabBar.m; sourceTree = "<group>"; };
		B28F610D1D6440790073813B /* UIView+Extension.h */ = {isa = PBXFileReference; fileEncoding = 4; lastKnownFileType = sourcecode.c.h; path = "UIView+Extension.h"; sourceTree = "<group>"; };
		B28F610E1D6440790073813B /* UIView+Extension.m */ = {isa = PBXFileReference; fileEncoding = 4; lastKnownFileType = sourcecode.c.objc; path = "UIView+Extension.m"; sourceTree = "<group>"; };
		B28F61101D6445470073813B /* UIColor+Extension.h */ = {isa = PBXFileReference; fileEncoding = 4; lastKnownFileType = sourcecode.c.h; path = "UIColor+Extension.h"; sourceTree = "<group>"; };
		B28F61111D6445470073813B /* UIColor+Extension.m */ = {isa = PBXFileReference; fileEncoding = 4; lastKnownFileType = sourcecode.c.objc; path = "UIColor+Extension.m"; sourceTree = "<group>"; };
/* End PBXFileReference section */

/* Begin PBXFrameworksBuildPhase section */
		B28F60BB1D6436730073813B /* Frameworks */ = {
			isa = PBXFrameworksBuildPhase;
			buildActionMask = 2147483647;
			files = (
			);
			runOnlyForDeploymentPostprocessing = 0;
		};
		B28F60D41D6436730073813B /* Frameworks */ = {
			isa = PBXFrameworksBuildPhase;
			buildActionMask = 2147483647;
			files = (
			);
			runOnlyForDeploymentPostprocessing = 0;
		};
		B28F60DF1D6436730073813B /* Frameworks */ = {
			isa = PBXFrameworksBuildPhase;
			buildActionMask = 2147483647;
			files = (
			);
			runOnlyForDeploymentPostprocessing = 0;
		};
/* End PBXFrameworksBuildPhase section */

/* Begin PBXGroup section */
		B208A7301D691E3C0039C1C1 /* subs01 */ = {
			isa = PBXGroup;
			children = (
				B208A7311D691E700039C1C1 /* PushSettingsTableViewController.h */,
				B208A7321D691E700039C1C1 /* PushSettingsTableViewController.m */,
				B208A7341D691EBF0039C1C1 /* AnimationSettingsTableViewController.h */,
				B208A7351D691EBF0039C1C1 /* AnimationSettingsTableViewController.m */,
				B208A7371D691EDA0039C1C1 /* ReminderSettingsTableViewController.h */,
				B208A7381D691EDA0039C1C1 /* ReminderSettingsTableViewController.m */,
				B208A73A1D691EEC0039C1C1 /* TimerSettingsTableViewController.h */,
				B208A73B1D691EEC0039C1C1 /* TimerSettingsTableViewController.m */,
			);
			name = subs01;
			sourceTree = "<group>";
		};
		B2465B681D68525100BFA8F2 /* Controllers */ = {
			isa = PBXGroup;
			children = (
				B2465B6E1D68570500BFA8F2 /* Settings */,
			);
			name = Controllers;
			sourceTree = "<group>";
		};
		B2465B691D68526100BFA8F2 /* Models */ = {
			isa = PBXGroup;
			children = (
				B2465B7C1D686F9700BFA8F2 /* IMCellModelSubs */,
				B2465B6B1D68544300BFA8F2 /* IMCellModel.h */,
				B2465B6C1D68544300BFA8F2 /* IMCellModel.m */,
				B2465B791D6863C600BFA8F2 /* IMCellGroupModel.h */,
				B2465B7A1D6863C600BFA8F2 /* IMCellGroupModel.m */,
				B27942C01D6993C8007749DC /* ProductModel.h */,
				B27942C11D6993C8007749DC /* ProductModel.m */,
				B27943571D6AA597007749DC /* IMWebModel.h */,
				B27943581D6AA597007749DC /* IMWebModel.m */,
			);
			name = Models;
			sourceTree = "<group>";
		};
		B2465B6A1D68526A00BFA8F2 /* Viewers */ = {
			isa = PBXGroup;
			children = (
				B2465B721D685D9300BFA8F2 /* IMTableViewCell.h */,
				B2465B731D685D9300BFA8F2 /* IMTableViewCell.m */,
				B27942CB1D69B14C007749DC /* ProductCollectionViewCell.h */,
				B27942CC1D69B14C007749DC /* ProductCollectionViewCell.m */,
				B27942CE1D69B8C0007749DC /* ProductCollectionViewCell.xib */,
			);
			name = Viewers;
			sourceTree = "<group>";
		};
		B2465B6E1D68570500BFA8F2 /* Settings */ = {
			isa = PBXGroup;
			children = (
				B2465B6F1D68571D00BFA8F2 /* SettingsTableViewController.h */,
				B2465B701D68571D00BFA8F2 /* SettingsTableViewController.m */,
				B279423E1D69278A007749DC /* BaseTableViewController.h */,
				B279423F1D69278A007749DC /* BaseTableViewController.m */,
				B2465B751D68607100BFA8F2 /* subs */,
			);
			name = Settings;
			sourceTree = "<group>";
		};
		B2465B751D68607100BFA8F2 /* subs */ = {
			isa = PBXGroup;
			children = (
				B2465B761D68608D00BFA8F2 /* PushTableViewController.h */,
				B2465B771D68608D00BFA8F2 /* PushTableViewController.m */,
				B208A7301D691E3C0039C1C1 /* subs01 */,
				B208A73D1D691FB30039C1C1 /* NewVersionTableViewController.h */,
				B208A73E1D691FB30039C1C1 /* NewVersionTableViewController.m */,
				B208A7401D691FD80039C1C1 /* HelpTableViewController.h */,
				B208A7411D691FD80039C1C1 /* HelpTableViewController.m */,
				B27943531D6AA0D7007749DC /* help_subs */,
				B208A7431D69200D0039C1C1 /* ShareTableViewController.h */,
				B208A7441D69200D0039C1C1 /* ShareTableViewController.m */,
				B279435A1D6B09AF007749DC /* share_subs */,
				B208A7461D6920360039C1C1 /* MessageTableViewController.h */,
				B208A7471D6920360039C1C1 /* MessageTableViewController.m */,
				B27942441D695A55007749DC /* ProductsCollectionViewController.h */,
				B27942451D695A55007749DC /* ProductsCollectionViewController.m */,
				B279423B1D69205F007749DC /* AboutTableViewController.h */,
				B279423C1D69205F007749DC /* AboutTableViewController.m */,
				B279435B1D6B0C1B007749DC /* About_subs */,
			);
			name = subs;
			sourceTree = "<group>";
		};
		B2465B7C1D686F9700BFA8F2 /* IMCellModelSubs */ = {
			isa = PBXGroup;
			children = (
				B2465B7D1D686FE700BFA8F2 /* IMArrowCellModel.h */,
				B2465B7E1D686FE700BFA8F2 /* IMArrowCellModel.m */,
				B2465B801D686FF800BFA8F2 /* IMSwitchCellModel.h */,
				B2465B811D686FF800BFA8F2 /* IMSwitchCellModel.m */,
				B27942411D6938F4007749DC /* IMLabelCellModel.h */,
				B27942421D6938F4007749DC /* IMLabelCellModel.m */,
			);
			name = IMCellModelSubs;
			sourceTree = "<group>";
		};
		B27943181D6A9D9D007749DC /* Html */ = {
			isa = PBXGroup;
			children = (
				B27943191D6A9D9D007749DC /* bjdc_howto.html */,
				B279431A1D6A9D9D007749DC /* coupon_help.html */,
				B279431B1D6A9D9D007749DC /* credit_help.html */,
				B279431C1D6A9D9D007749DC /* dlt_howto.html */,
				B279431D1D6A9D9D007749DC /* f9_howto.html */,
				B279431E1D6A9D9D007749DC /* gdy11_howto.html */,
				B279431F1D6A9D9D007749DC /* group_record.html */,
				B27943201D6A9D9D007749DC /* help.html */,
				B27943211D6A9D9D007749DC /* helpGroupBuy.html */,
				B27943221D6A9D9D007749DC /* jclq_howto.html */,
				B27943231D6A9D9D007749DC /* jczq_howto.html */,
				B27943241D6A9D9D007749DC /* jxssc_howto.html */,
				B27943251D6A9D9D007749DC /* jxy11_howto.html */,
				B27943261D6A9D9D007749DC /* k2_howto.html */,
				B27943271D6A9D9D007749DC /* k3_howto.html */,
				B27943281D6A9D9D007749DC /* kl8_howto.html */,
				B27943291D6A9D9D007749DC /* lk11_howto.html */,
				B279432A1D6A9D9D007749DC /* networkconnectedfailed.html */,
				B279432B1D6A9D9D007749DC /* pl3_howto.html */,
				B279432C1D6A9D9D007749DC /* pl5_howto.html */,
				B279432D1D6A9D9D007749DC /* qlc_howto.html */,
				B279432E1D6A9D9D007749DC /* qxc_howto.html */,
				B279432F1D6A9D9D007749DC /* rule.css */,
				B27943301D6A9D9D007749DC /* sfc_howto.html */,
				B27943311D6A9D9D007749DC /* ssc_howto.html */,
				B27943321D6A9D9D007749DC /* ssq_howto.html */,
				B27943331D6A9D9D007749DC /* x3d_howto.html */,
				B27943341D6A9D9D007749DC /* y11_howto.html */,
				B27943351D6A9D9D007749DC /* znzh.html */,
			);
			path = Html;
			sourceTree = "<group>";
		};
		B27943531D6AA0D7007749DC /* help_subs */ = {
			isa = PBXGroup;
			children = (
				B27943541D6AA18C007749DC /* WebViewController.h */,
				B27943551D6AA18C007749DC /* WebViewController.m */,
			);
			name = help_subs;
			sourceTree = "<group>";
		};
		B279435A1D6B09AF007749DC /* share_subs */ = {
			isa = PBXGroup;
			children = (
			);
			name = share_subs;
			sourceTree = "<group>";
		};
		B279435B1D6B0C1B007749DC /* About_subs */ = {
			isa = PBXGroup;
			children = (
				B27943111D6A786B007749DC /* AboutHeaderView.xib */,
			);
			name = About_subs;
			sourceTree = "<group>";
		};
		B279435C1D6B16BE007749DC /* 3rd */ = {
			isa = PBXGroup;
			children = (
				B279435D1D6B16D4007749DC /* MBProgressHUD */,
			);
			name = 3rd;
			sourceTree = "<group>";
		};
		B279435D1D6B16D4007749DC /* MBProgressHUD */ = {
			isa = PBXGroup;
			children = (
				B279435E1D6B16D4007749DC /* MBProgressHUD+MJ.h */,
				B279435F1D6B16D4007749DC /* MBProgressHUD+MJ.m */,
				B27943601D6B16D4007749DC /* MBProgressHUD.bundle */,
				B27943611D6B16D4007749DC /* MBProgressHUD.h */,
				B27943621D6B16D4007749DC /* MBProgressHUD.m */,
			);
			path = MBProgressHUD;
			sourceTree = "<group>";
		};
		B28F60B51D6436730073813B = {
			isa = PBXGroup;
			children = (
				B28F60C01D6436730073813B /* IMLottery */,
				B28F60DA1D6436730073813B /* IMLotteryTests */,
				B28F60E51D6436730073813B /* IMLotteryUITests */,
				B28F60BF1D6436730073813B /* Products */,
				B279435C1D6B16BE007749DC /* 3rd */,
				B28F60CD1D6436730073813B /* Assets.xcassets */,
			);
			sourceTree = "<group>";
		};
		B28F60BF1D6436730073813B /* Products */ = {
			isa = PBXGroup;
			children = (
				B28F60BE1D6436730073813B /* IMLottery.app */,
				B28F60D71D6436730073813B /* IMLotteryTests.xctest */,
				B28F60E21D6436730073813B /* IMLotteryUITests.xctest */,
			);
			name = Products;
			sourceTree = "<group>";
		};
		B28F60C01D6436730073813B /* IMLottery */ = {
			isa = PBXGroup;
			children = (
				B27943161D6A9CD1007749DC /* help.json */,
				B27942C91D69ADBE007749DC /* more_project.json */,
				B28F60F71D64374D0073813B /* Main */,
				B28F60FD1D6437870073813B /* MyLottery */,
				B28F60FC1D6437820073813B /* Arena */,
				B28F60FB1D64377F0073813B /* History */,
				B28F60FA1D64377D0073813B /* Discovery */,
				B28F60F91D6437750073813B /* LotteryHall */,
				B28F60C11D6436730073813B /* Supporting Files */,
			);
			path = IMLottery;
			sourceTree = "<group>";
		};
		B28F60C11D6436730073813B /* Supporting Files */ = {
			isa = PBXGroup;
			children = (
				B28F60CF1D6436730073813B /* LaunchScreen.storyboard */,
				B28F60D21D6436730073813B /* Info.plist */,
				B28F60C21D6436730073813B /* main.m */,
				B27943181D6A9D9D007749DC /* Html */,
			);
			name = "Supporting Files";
			sourceTree = "<group>";
		};
		B28F60DA1D6436730073813B /* IMLotteryTests */ = {
			isa = PBXGroup;
			children = (
				B28F60DB1D6436730073813B /* IMLotteryTests.m */,
				B28F60DD1D6436730073813B /* Info.plist */,
			);
			path = IMLotteryTests;
			sourceTree = "<group>";
		};
		B28F60E51D6436730073813B /* IMLotteryUITests */ = {
			isa = PBXGroup;
			children = (
				B28F60E61D6436730073813B /* IMLotteryUITests.m */,
				B28F60E81D6436730073813B /* Info.plist */,
			);
			path = IMLotteryUITests;
			sourceTree = "<group>";
		};
		B28F60F71D64374D0073813B /* Main */ = {
			isa = PBXGroup;
			children = (
				B28F60F81D64375F0073813B /* Controllers */,
				B28F60FE1D643B6B0073813B /* Viewers */,
				B28F60FF1D643B730073813B /* Models */,
				B28F61001D643B8C0073813B /* Tools */,
			);
			name = Main;
			sourceTree = "<group>";
		};
		B28F60F81D64375F0073813B /* Controllers */ = {
			isa = PBXGroup;
			children = (
				B28F60C41D6436730073813B /* AppDelegate.h */,
				B28F60C51D6436730073813B /* AppDelegate.m */,
				B28F60F41D6436AC0073813B /* MainTabBarController.h */,
				B28F60F51D6436AC0073813B /* MainTabBarController.m */,
				B2465B541D670A6300BFA8F2 /* MainNavViewController.h */,
				B2465B551D670A6300BFA8F2 /* MainNavViewController.m */,
				B28F60CA1D6436730073813B /* Main.storyboard */,
			);
			name = Controllers;
			sourceTree = "<group>";
		};
		B28F60F91D6437750073813B /* LotteryHall */ = {
			isa = PBXGroup;
			children = (
				B2465B511D67097700BFA8F2 /* LotteryHallViewController.h */,
				B2465B521D67097700BFA8F2 /* LotteryHallViewController.m */,
			);
			name = LotteryHall;
			sourceTree = "<group>";
		};
		B28F60FA1D64377D0073813B /* Discovery */ = {
			isa = PBXGroup;
			children = (
				B2465B651D680B1900BFA8F2 /* DiscoveryTableViewController.h */,
				B2465B661D680B1900BFA8F2 /* DiscoveryTableViewController.m */,
			);
			name = Discovery;
			sourceTree = "<group>";
		};
		B28F60FB1D64377F0073813B /* History */ = {
			isa = PBXGroup;
			children = (
				B2465B4B1D67096000BFA8F2 /* HistoryViewController.h */,
				B2465B4C1D67096000BFA8F2 /* HistoryViewController.m */,
			);
			name = History;
			sourceTree = "<group>";
		};
		B28F60FC1D6437820073813B /* Arena */ = {
			isa = PBXGroup;
			children = (
			);
			name = Arena;
			sourceTree = "<group>";
		};
		B28F60FD1D6437870073813B /* MyLottery */ = {
			isa = PBXGroup;
			children = (
				B2465B681D68525100BFA8F2 /* Controllers */,
				B2465B6A1D68526A00BFA8F2 /* Viewers */,
				B2465B691D68526100BFA8F2 /* Models */,
			);
			name = MyLottery;
			sourceTree = "<group>";
		};
		B28F60FE1D643B6B0073813B /* Viewers */ = {
			isa = PBXGroup;
			children = (
				B28F610A1D643F540073813B /* MainTabBar.h */,
				B28F610B1D643F540073813B /* MainTabBar.m */,
				B2465B5F1D6723EA00BFA8F2 /* IMTabButtonBarItem.h */,
				B2465B601D6723EA00BFA8F2 /* IMTabButtonBarItem.m */,
				B2465B5C1D6723C900BFA8F2 /* IMNavButtonBarItem.h */,
				B2465B5D1D6723C900BFA8F2 /* IMNavButtonBarItem.m */,
			);
			name = Viewers;
			sourceTree = "<group>";
		};
		B28F60FF1D643B730073813B /* Models */ = {
			isa = PBXGroup;
			children = (
			);
			name = Models;
			sourceTree = "<group>";
		};
		B28F61001D643B8C0073813B /* Tools */ = {
			isa = PBXGroup;
			children = (
				B28F610D1D6440790073813B /* UIView+Extension.h */,
				B28F610E1D6440790073813B /* UIView+Extension.m */,
				B28F61101D6445470073813B /* UIColor+Extension.h */,
				B28F61111D6445470073813B /* UIColor+Extension.m */,
			);
			name = Tools;
			sourceTree = "<group>";
		};
/* End PBXGroup section */

/* Begin PBXNativeTarget section */
		B28F60BD1D6436730073813B /* IMLottery */ = {
			isa = PBXNativeTarget;
			buildConfigurationList = B28F60EB1D6436730073813B /* Build configuration list for PBXNativeTarget "IMLottery" */;
			buildPhases = (
				B28F60BA1D6436730073813B /* Sources */,
				B28F60BB1D6436730073813B /* Frameworks */,
				B28F60BC1D6436730073813B /* Resources */,
			);
			buildRules = (
			);
			dependencies = (
			);
			name = IMLottery;
			productName = IMLottery;
			productReference = B28F60BE1D6436730073813B /* IMLottery.app */;
			productType = "com.apple.product-type.application";
		};
		B28F60D61D6436730073813B /* IMLotteryTests */ = {
			isa = PBXNativeTarget;
			buildConfigurationList = B28F60EE1D6436730073813B /* Build configuration list for PBXNativeTarget "IMLotteryTests" */;
			buildPhases = (
				B28F60D31D6436730073813B /* Sources */,
				B28F60D41D6436730073813B /* Frameworks */,
				B28F60D51D6436730073813B /* Resources */,
			);
			buildRules = (
			);
			dependencies = (
				B28F60D91D6436730073813B /* PBXTargetDependency */,
			);
			name = IMLotteryTests;
			productName = IMLotteryTests;
			productReference = B28F60D71D6436730073813B /* IMLotteryTests.xctest */;
			productType = "com.apple.product-type.bundle.unit-test";
		};
		B28F60E11D6436730073813B /* IMLotteryUITests */ = {
			isa = PBXNativeTarget;
			buildConfigurationList = B28F60F11D6436730073813B /* Build configuration list for PBXNativeTarget "IMLotteryUITests" */;
			buildPhases = (
				B28F60DE1D6436730073813B /* Sources */,
				B28F60DF1D6436730073813B /* Frameworks */,
				B28F60E01D6436730073813B /* Resources */,
			);
			buildRules = (
			);
			dependencies = (
				B28F60E41D6436730073813B /* PBXTargetDependency */,
			);
			name = IMLotteryUITests;
			productName = IMLotteryUITests;
			productReference = B28F60E21D6436730073813B /* IMLotteryUITests.xctest */;
			productType = "com.apple.product-type.bundle.ui-testing";
		};
/* End PBXNativeTarget section */

/* Begin PBXProject section */
		B28F60B61D6436730073813B /* Project object */ = {
			isa = PBXProject;
			attributes = {
				LastUpgradeCheck = 0730;
				ORGANIZATIONNAME = "feng-Mac";
				TargetAttributes = {
					B28F60BD1D6436730073813B = {
						CreatedOnToolsVersion = 7.3.1;
						DevelopmentTeam = 9V9253CGEP;
					};
					B28F60D61D6436730073813B = {
						CreatedOnToolsVersion = 7.3.1;
						TestTargetID = B28F60BD1D6436730073813B;
					};
					B28F60E11D6436730073813B = {
						CreatedOnToolsVersion = 7.3.1;
						TestTargetID = B28F60BD1D6436730073813B;
					};
				};
			};
			buildConfigurationList = B28F60B91D6436730073813B /* Build configuration list for PBXProject "IMLottery" */;
			compatibilityVersion = "Xcode 3.2";
			developmentRegion = English;
			hasScannedForEncodings = 0;
			knownRegions = (
				en,
				Base,
			);
			mainGroup = B28F60B51D6436730073813B;
			productRefGroup = B28F60BF1D6436730073813B /* Products */;
			projectDirPath = "";
			projectRoot = "";
			targets = (
				B28F60BD1D6436730073813B /* IMLottery */,
				B28F60D61D6436730073813B /* IMLotteryTests */,
				B28F60E11D6436730073813B /* IMLotteryUITests */,
			);
		};
/* End PBXProject section */

/* Begin PBXResourcesBuildPhase section */
		B28F60BC1D6436730073813B /* Resources */ = {
			isa = PBXResourcesBuildPhase;
			buildActionMask = 2147483647;
			files = (
				B27942CA1D69ADBE007749DC /* more_project.json in Resources */,
				B27943391D6A9D9D007749DC /* dlt_howto.html in Resources */,
				B27943461D6A9D9D007749DC /* lk11_howto.html in Resources */,
				B28F60D11D6436730073813B /* LaunchScreen.storyboard in Resources */,
				B27943401D6A9D9D007749DC /* jczq_howto.html in Resources */,
				B279434E1D6A9D9D007749DC /* ssc_howto.html in Resources */,
				B27943361D6A9D9D007749DC /* bjdc_howto.html in Resources */,
				B27943501D6A9D9D007749DC /* x3d_howto.html in Resources */,
				B279433D1D6A9D9D007749DC /* help.html in Resources */,
				B279433C1D6A9D9D007749DC /* group_record.html in Resources */,
				B27943451D6A9D9D007749DC /* kl8_howto.html in Resources */,
				B27943491D6A9D9D007749DC /* pl5_howto.html in Resources */,
				B27943121D6A786B007749DC /* AboutHeaderView.xib in Resources */,
				B279433F1D6A9D9D007749DC /* jclq_howto.html in Resources */,
				B279434C1D6A9D9D007749DC /* rule.css in Resources */,
				B27943411D6A9D9D007749DC /* jxssc_howto.html in Resources */,
				B27942CF1D69B8C0007749DC /* ProductCollectionViewCell.xib in Resources */,
				B27943171D6A9CD1007749DC /* help.json in Resources */,
				B28F60CE1D6436730073813B /* Assets.xcassets in Resources */,
				B27943481D6A9D9D007749DC /* pl3_howto.html in Resources */,
				B279433A1D6A9D9D007749DC /* f9_howto.html in Resources */,
				B27943441D6A9D9D007749DC /* k3_howto.html in Resources */,
				B27943381D6A9D9D007749DC /* credit_help.html in Resources */,
				B279433B1D6A9D9D007749DC /* gdy11_howto.html in Resources */,
				B28F60CC1D6436730073813B /* Main.storyboard in Resources */,
				B27943421D6A9D9D007749DC /* jxy11_howto.html in Resources */,
				B27943471D6A9D9D007749DC /* networkconnectedfailed.html in Resources */,
				B279434A1D6A9D9D007749DC /* qlc_howto.html in Resources */,
				B27943431D6A9D9D007749DC /* k2_howto.html in Resources */,
				B279434B1D6A9D9D007749DC /* qxc_howto.html in Resources */,
				B27943641D6B16D4007749DC /* MBProgressHUD.bundle in Resources */,
				B27943521D6A9D9D007749DC /* znzh.html in Resources */,
				B279434F1D6A9D9D007749DC /* ssq_howto.html in Resources */,
				B27943511D6A9D9D007749DC /* y11_howto.html in Resources */,
				B279434D1D6A9D9D007749DC /* sfc_howto.html in Resources */,
				B27943371D6A9D9D007749DC /* coupon_help.html in Resources */,
				B279433E1D6A9D9D007749DC /* helpGroupBuy.html in Resources */,
			);
			runOnlyForDeploymentPostprocessing = 0;
		};
		B28F60D51D6436730073813B /* Resources */ = {
			isa = PBXResourcesBuildPhase;
			buildActionMask = 2147483647;
			files = (
			);
			runOnlyForDeploymentPostprocessing = 0;
		};
		B28F60E01D6436730073813B /* Resources */ = {
			isa = PBXResourcesBuildPhase;
			buildActionMask = 2147483647;
			files = (
			);
			runOnlyForDeploymentPostprocessing = 0;
		};
/* End PBXResourcesBuildPhase section */

/* Begin PBXSourcesBuildPhase section */
		B28F60BA1D6436730073813B /* Sources */ = {
			isa = PBXSourcesBuildPhase;
			buildActionMask = 2147483647;
			files = (
				B27943631D6B16D4007749DC /* MBProgressHUD+MJ.m in Sources */,
				B28F610F1D6440790073813B /* UIView+Extension.m in Sources */,
				B27942401D69278A007749DC /* BaseTableViewController.m in Sources */,
				B2465B531D67097700BFA8F2 /* LotteryHallViewController.m in Sources */,
				B27942461D695A55007749DC /* ProductsCollectionViewController.m in Sources */,
				B27942CD1D69B14C007749DC /* ProductCollectionViewCell.m in Sources */,
				B28F61121D6445470073813B /* UIColor+Extension.m in Sources */,
				B2465B561D670A6300BFA8F2 /* MainNavViewController.m in Sources */,
				B2465B611D6723EA00BFA8F2 /* IMTabButtonBarItem.m in Sources */,
				B2465B741D685D9300BFA8F2 /* IMTableViewCell.m in Sources */,
				B208A73F1D691FB30039C1C1 /* NewVersionTableViewController.m in Sources */,
				B279423D1D69205F007749DC /* AboutTableViewController.m in Sources */,
				B2465B671D680B1900BFA8F2 /* DiscoveryTableViewController.m in Sources */,
				B208A7421D691FD80039C1C1 /* HelpTableViewController.m in Sources */,
				B28F60C61D6436730073813B /* AppDelegate.m in Sources */,
				B208A7331D691E700039C1C1 /* PushSettingsTableViewController.m in Sources */,
				B2465B6D1D68544300BFA8F2 /* IMCellModel.m in Sources */,
				B2465B4D1D67096000BFA8F2 /* HistoryViewController.m in Sources */,
				B208A7451D69200D0039C1C1 /* ShareTableViewController.m in Sources */,
				B208A7481D6920360039C1C1 /* MessageTableViewController.m in Sources */,
				B28F60C31D6436730073813B /* main.m in Sources */,
				B27942431D6938F4007749DC /* IMLabelCellModel.m in Sources */,
				B27943651D6B16D4007749DC /* MBProgressHUD.m in Sources */,
				B28F610C1D643F540073813B /* MainTabBar.m in Sources */,
				B208A73C1D691EEC0039C1C1 /* TimerSettingsTableViewController.m in Sources */,
				B2465B711D68571D00BFA8F2 /* SettingsTableViewController.m in Sources */,
				B28F60F61D6436AC0073813B /* MainTabBarController.m in Sources */,
				B27943591D6AA597007749DC /* IMWebModel.m in Sources */,
				B27943561D6AA18C007749DC /* WebViewController.m in Sources */,
				B2465B821D686FF800BFA8F2 /* IMSwitchCellModel.m in Sources */,
				B2465B7F1D686FE700BFA8F2 /* IMArrowCellModel.m in Sources */,
				B2465B7B1D6863C600BFA8F2 /* IMCellGroupModel.m in Sources */,
				B27942C21D6993C8007749DC /* ProductModel.m in Sources */,
				B2465B5E1D6723C900BFA8F2 /* IMNavButtonBarItem.m in Sources */,
				B2465B781D68608D00BFA8F2 /* PushTableViewController.m in Sources */,
				B208A7391D691EDA0039C1C1 /* ReminderSettingsTableViewController.m in Sources */,
				B208A7361D691EBF0039C1C1 /* AnimationSettingsTableViewController.m in Sources */,
			);
			runOnlyForDeploymentPostprocessing = 0;
		};
		B28F60D31D6436730073813B /* Sources */ = {
			isa = PBXSourcesBuildPhase;
			buildActionMask = 2147483647;
			files = (
				B28F60DC1D6436730073813B /* IMLotteryTests.m in Sources */,
			);
			runOnlyForDeploymentPostprocessing = 0;
		};
		B28F60DE1D6436730073813B /* Sources */ = {
			isa = PBXSourcesBuildPhase;
			buildActionMask = 2147483647;
			files = (
				B28F60E71D6436730073813B /* IMLotteryUITests.m in Sources */,
			);
			runOnlyForDeploymentPostprocessing = 0;
		};
/* End PBXSourcesBuildPhase section */

/* Begin PBXTargetDependency section */
		B28F60D91D6436730073813B /* PBXTargetDependency */ = {
			isa = PBXTargetDependency;
			target = B28F60BD1D6436730073813B /* IMLottery */;
			targetProxy = B28F60D81D6436730073813B /* PBXContainerItemProxy */;
		};
		B28F60E41D6436730073813B /* PBXTargetDependency */ = {
			isa = PBXTargetDependency;
			target = B28F60BD1D6436730073813B /* IMLottery */;
			targetProxy = B28F60E31D6436730073813B /* PBXContainerItemProxy */;
		};
/* End PBXTargetDependency section */

/* Begin PBXVariantGroup section */
		B28F60CA1D6436730073813B /* Main.storyboard */ = {
			isa = PBXVariantGroup;
			children = (
				B28F60CB1D6436730073813B /* Base */,
			);
			name = Main.storyboard;
			sourceTree = "<group>";
		};
		B28F60CF1D6436730073813B /* LaunchScreen.storyboard */ = {
			isa = PBXVariantGroup;
			children = (
				B28F60D01D6436730073813B /* Base */,
			);
			name = LaunchScreen.storyboard;
			sourceTree = "<group>";
		};
/* End PBXVariantGroup section */

/* Begin XCBuildConfiguration section */
		B28F60E91D6436730073813B /* Debug */ = {
			isa = XCBuildConfiguration;
			buildSettings = {
				ALWAYS_SEARCH_USER_PATHS = NO;
				CLANG_ANALYZER_NONNULL = YES;
				CLANG_CXX_LANGUAGE_STANDARD = "gnu++0x";
				CLANG_CXX_LIBRARY = "libc++";
				CLANG_ENABLE_MODULES = YES;
				CLANG_ENABLE_OBJC_ARC = YES;
				CLANG_WARN_BOOL_CONVERSION = YES;
				CLANG_WARN_CONSTANT_CONVERSION = YES;
				CLANG_WARN_DIRECT_OBJC_ISA_USAGE = YES_ERROR;
				CLANG_WARN_EMPTY_BODY = YES;
				CLANG_WARN_ENUM_CONVERSION = YES;
				CLANG_WARN_INT_CONVERSION = YES;
				CLANG_WARN_OBJC_ROOT_CLASS = YES_ERROR;
				CLANG_WARN_UNREACHABLE_CODE = YES;
				CLANG_WARN__DUPLICATE_METHOD_MATCH = YES;
				"CODE_SIGN_IDENTITY[sdk=iphoneos*]" = "iPhone Developer";
				COPY_PHASE_STRIP = NO;
				DEBUG_INFORMATION_FORMAT = dwarf;
				ENABLE_STRICT_OBJC_MSGSEND = YES;
				ENABLE_TESTABILITY = YES;
				GCC_C_LANGUAGE_STANDARD = gnu99;
				GCC_DYNAMIC_NO_PIC = NO;
				GCC_NO_COMMON_BLOCKS = YES;
				GCC_OPTIMIZATION_LEVEL = 0;
				GCC_PREPROCESSOR_DEFINITIONS = (
					"DEBUG=1",
					"$(inherited)",
				);
				GCC_WARN_64_TO_32_BIT_CONVERSION = YES;
				GCC_WARN_ABOUT_RETURN_TYPE = YES_ERROR;
				GCC_WARN_UNDECLARED_SELECTOR = YES;
				GCC_WARN_UNINITIALIZED_AUTOS = YES_AGGRESSIVE;
				GCC_WARN_UNUSED_FUNCTION = YES;
				GCC_WARN_UNUSED_VARIABLE = YES;
				IPHONEOS_DEPLOYMENT_TARGET = 9.3;
				MTL_ENABLE_DEBUG_INFO = YES;
				ONLY_ACTIVE_ARCH = YES;
				SDKROOT = iphoneos;
			};
			name = Debug;
		};
		B28F60EA1D6436730073813B /* Release */ = {
			isa = XCBuildConfiguration;
			buildSettings = {
				ALWAYS_SEARCH_USER_PATHS = NO;
				CLANG_ANALYZER_NONNULL = YES;
				CLANG_CXX_LANGUAGE_STANDARD = "gnu++0x";
				CLANG_CXX_LIBRARY = "libc++";
				CLANG_ENABLE_MODULES = YES;
				CLANG_ENABLE_OBJC_ARC = YES;
				CLANG_WARN_BOOL_CONVERSION = YES;
				CLANG_WARN_CONSTANT_CONVERSION = YES;
				CLANG_WARN_DIRECT_OBJC_ISA_USAGE = YES_ERROR;
				CLANG_WARN_EMPTY_BODY = YES;
				CLANG_WARN_ENUM_CONVERSION = YES;
				CLANG_WARN_INT_CONVERSION = YES;
				CLANG_WARN_OBJC_ROOT_CLASS = YES_ERROR;
				CLANG_WARN_UNREACHABLE_CODE = YES;
				CLANG_WARN__DUPLICATE_METHOD_MATCH = YES;
				"CODE_SIGN_IDENTITY[sdk=iphoneos*]" = "iPhone Developer";
				COPY_PHASE_STRIP = NO;
				DEBUG_INFORMATION_FORMAT = "dwarf-with-dsym";
				ENABLE_NS_ASSERTIONS = NO;
				ENABLE_STRICT_OBJC_MSGSEND = YES;
				GCC_C_LANGUAGE_STANDARD = gnu99;
				GCC_NO_COMMON_BLOCKS = YES;
				GCC_WARN_64_TO_32_BIT_CONVERSION = YES;
				GCC_WARN_ABOUT_RETURN_TYPE = YES_ERROR;
				GCC_WARN_UNDECLARED_SELECTOR = YES;
				GCC_WARN_UNINITIALIZED_AUTOS = YES_AGGRESSIVE;
				GCC_WARN_UNUSED_FUNCTION = YES;
				GCC_WARN_UNUSED_VARIABLE = YES;
				IPHONEOS_DEPLOYMENT_TARGET = 9.3;
				MTL_ENABLE_DEBUG_INFO = NO;
				SDKROOT = iphoneos;
				VALIDATE_PRODUCT = YES;
			};
			name = Release;
		};
		B28F60EC1D6436730073813B /* Debug */ = {
			isa = XCBuildConfiguration;
			buildSettings = {
				ASSETCATALOG_COMPILER_APPICON_NAME = AppIcon;
				CODE_SIGN_IDENTITY = "iPhone Developer";
				"CODE_SIGN_IDENTITY[sdk=iphoneos*]" = "iPhone Developer";
				INFOPLIST_FILE = IMLottery/Info.plist;
				LD_RUNPATH_SEARCH_PATHS = "$(inherited) @executable_path/Frameworks";
				PRODUCT_BUNDLE_IDENTIFIER = zdf.IMLottery;
				PRODUCT_NAME = "$(TARGET_NAME)";
				PROVISIONING_PROFILE = "";
			};
			name = Debug;
		};
		B28F60ED1D6436730073813B /* Release */ = {
			isa = XCBuildConfiguration;
			buildSettings = {
				ASSETCATALOG_COMPILER_APPICON_NAME = AppIcon;
				CODE_SIGN_IDENTITY = "iPhone Developer";
				"CODE_SIGN_IDENTITY[sdk=iphoneos*]" = "iPhone Developer";
				INFOPLIST_FILE = IMLottery/Info.plist;
				LD_RUNPATH_SEARCH_PATHS = "$(inherited) @executable_path/Frameworks";
				PRODUCT_BUNDLE_IDENTIFIER = zdf.IMLottery;
				PRODUCT_NAME = "$(TARGET_NAME)";
				PROVISIONING_PROFILE = "";
			};
			name = Release;
		};
		B28F60EF1D6436730073813B /* Debug */ = {
			isa = XCBuildConfiguration;
			buildSettings = {
				BUNDLE_LOADER = "$(TEST_HOST)";
				INFOPLIST_FILE = IMLotteryTests/Info.plist;
				LD_RUNPATH_SEARCH_PATHS = "$(inherited) @executable_path/Frameworks @loader_path/Frameworks";
				PRODUCT_BUNDLE_IDENTIFIER = zdf.IMLotteryTests;
				PRODUCT_NAME = "$(TARGET_NAME)";
				TEST_HOST = "$(BUILT_PRODUCTS_DIR)/IMLottery.app/IMLottery";
			};
			name = Debug;
		};
		B28F60F01D6436730073813B /* Release */ = {
			isa = XCBuildConfiguration;
			buildSettings = {
				BUNDLE_LOADER = "$(TEST_HOST)";
				INFOPLIST_FILE = IMLotteryTests/Info.plist;
				LD_RUNPATH_SEARCH_PATHS = "$(inherited) @executable_path/Frameworks @loader_path/Frameworks";
				PRODUCT_BUNDLE_IDENTIFIER = zdf.IMLotteryTests;
				PRODUCT_NAME = "$(TARGET_NAME)";
				TEST_HOST = "$(BUILT_PRODUCTS_DIR)/IMLottery.app/IMLottery";
			};
			name = Release;
		};
		B28F60F21D6436730073813B /* Debug */ = {
			isa = XCBuildConfiguration;
			buildSettings = {
				INFOPLIST_FILE = IMLotteryUITests/Info.plist;
				LD_RUNPATH_SEARCH_PATHS = "$(inherited) @executable_path/Frameworks @loader_path/Frameworks";
				PRODUCT_BUNDLE_IDENTIFIER = zdf.IMLotteryUITests;
				PRODUCT_NAME = "$(TARGET_NAME)";
				TEST_TARGET_NAME = IMLottery;
			};
			name = Debug;
		};
		B28F60F31D6436730073813B /* Release */ = {
			isa = XCBuildConfiguration;
			buildSettings = {
				INFOPLIST_FILE = IMLotteryUITests/Info.plist;
				LD_RUNPATH_SEARCH_PATHS = "$(inherited) @executable_path/Frameworks @loader_path/Frameworks";
				PRODUCT_BUNDLE_IDENTIFIER = zdf.IMLotteryUITests;
				PRODUCT_NAME = "$(TARGET_NAME)";
				TEST_TARGET_NAME = IMLottery;
			};
			name = Release;
		};
/* End XCBuildConfiguration section */

/* Begin XCConfigurationList section */
		B28F60B91D6436730073813B /* Build configuration list for PBXProject "IMLottery" */ = {
			isa = XCConfigurationList;
			buildConfigurations = (
				B28F60E91D6436730073813B /* Debug */,
				B28F60EA1D6436730073813B /* Release */,
			);
			defaultConfigurationIsVisible = 0;
			defaultConfigurationName = Release;
		};
		B28F60EB1D6436730073813B /* Build configuration list for PBXNativeTarget "IMLottery" */ = {
			isa = XCConfigurationList;
			buildConfigurations = (
				B28F60EC1D6436730073813B /* Debug */,
				B28F60ED1D6436730073813B /* Release */,
			);
			defaultConfigurationIsVisible = 0;
			defaultConfigurationName = Release;
		};
		B28F60EE1D6436730073813B /* Build configuration list for PBXNativeTarget "IMLotteryTests" */ = {
			isa = XCConfigurationList;
			buildConfigurations = (
				B28F60EF1D6436730073813B /* Debug */,
				B28F60F01D6436730073813B /* Release */,
			);
			defaultConfigurationIsVisible = 0;
			defaultConfigurationName = Release;
		};
		B28F60F11D6436730073813B /* Build configuration list for PBXNativeTarget "IMLotteryUITests" */ = {
			isa = XCConfigurationList;
			buildConfigurations = (
				B28F60F21D6436730073813B /* Debug */,
				B28F60F31D6436730073813B /* Release */,
			);
			defaultConfigurationIsVisible = 0;
			defaultConfigurationName = Release;
		};
/* End XCConfigurationList section */
	};
	rootObject = B28F60B61D6436730073813B /* Project object */;
}
