// !$*UTF8*$!
{
	archiveVersion = 1;
	classes = {
	};
	objectVersion = 46;
	objects = {

/* Begin PBXBuildFile section */
		2A668F5A1F0DD352008C1951 /* NSString+Contains.m in Sources */ = {isa = PBXBuildFile; fileRef = 2A668F521F0DD352008C1951 /* NSString+Contains.m */; };
		2A668F5B1F0DD352008C1951 /* README.md in Sources */ = {isa = PBXBuildFile; fileRef = 2A668F531F0DD352008C1951 /* README.md */; };
		2A668F5C1F0DD352008C1951 /* UIColor+Extension.m in Sources */ = {isa = PBXBuildFile; fileRef = 2A668F551F0DD352008C1951 /* UIColor+Extension.m */; };
		2A668F5D1F0DD352008C1951 /* UIView+Extension.m in Sources */ = {isa = PBXBuildFile; fileRef = 2A668F571F0DD352008C1951 /* UIView+Extension.m */; };
		2A668F6E1F0DD564008C1951 /* GiFHUD.m in Sources */ = {isa = PBXBuildFile; fileRef = 2A668F601F0DD564008C1951 /* GiFHUD.m */; };
		2A668F6F1F0DD564008C1951 /* iToast.m in Sources */ = {isa = PBXBuildFile; fileRef = 2A668F621F0DD564008C1951 /* iToast.m */; settings = {COMPILER_FLAGS = "-fno-objc-arc"; }; };
		2A668F701F0DD564008C1951 /* NSArray+Extension.m in Sources */ = {isa = PBXBuildFile; fileRef = 2A668F651F0DD564008C1951 /* NSArray+Extension.m */; };
		2A668F711F0DD564008C1951 /* NSArray+QBSafeAccess.m in Sources */ = {isa = PBXBuildFile; fileRef = 2A668F671F0DD564008C1951 /* NSArray+QBSafeAccess.m */; };
		2A668F721F0DD564008C1951 /* NSDictionary+Extension.m in Sources */ = {isa = PBXBuildFile; fileRef = 2A668F691F0DD564008C1951 /* NSDictionary+Extension.m */; };
		2A668F731F0DD564008C1951 /* NSDictionary+QBSafeAccess.m in Sources */ = {isa = PBXBuildFile; fileRef = 2A668F6B1F0DD564008C1951 /* NSDictionary+QBSafeAccess.m */; };
		2A668F741F0DD564008C1951 /* NSString+Encode.m in Sources */ = {isa = PBXBuildFile; fileRef = 2A668F6D1F0DD564008C1951 /* NSString+Encode.m */; };
		2A668F9B1F0E2D6D008C1951 /* BaseViewController.m in Sources */ = {isa = PBXBuildFile; fileRef = 2A668F981F0E2D6D008C1951 /* BaseViewController.m */; };
		2A668F9C1F0E2D6D008C1951 /* LWNavController.m in Sources */ = {isa = PBXBuildFile; fileRef = 2A668F9A1F0E2D6D008C1951 /* LWNavController.m */; };
		2A668FA11F0E2E22008C1951 /* HomeController.m in Sources */ = {isa = PBXBuildFile; fileRef = 2A668F9F1F0E2E22008C1951 /* HomeController.m */; };
		2A668FA21F0E2E22008C1951 /* HomeController.xib in Resources */ = {isa = PBXBuildFile; fileRef = 2A668FA01F0E2E22008C1951 /* HomeController.xib */; };
		2A668FA61F0E2E33008C1951 /* HistoryController.m in Sources */ = {isa = PBXBuildFile; fileRef = 2A668FA41F0E2E33008C1951 /* HistoryController.m */; };
		2A668FA71F0E2E33008C1951 /* HistoryController.xib in Resources */ = {isa = PBXBuildFile; fileRef = 2A668FA51F0E2E33008C1951 /* HistoryController.xib */; };
		2A668FAB1F0E2E41008C1951 /* MineController.m in Sources */ = {isa = PBXBuildFile; fileRef = 2A668FA91F0E2E41008C1951 /* MineController.m */; };
		2A668FAC1F0E2E41008C1951 /* MineController.xib in Resources */ = {isa = PBXBuildFile; fileRef = 2A668FAA1F0E2E41008C1951 /* MineController.xib */; };
		2A668FAF1F0E2EB0008C1951 /* MytableBarVC.m in Sources */ = {isa = PBXBuildFile; fileRef = 2A668FAE1F0E2EB0008C1951 /* MytableBarVC.m */; };
		2A668FBA1F0E3106008C1951 /* MyToast.m in Sources */ = {isa = PBXBuildFile; fileRef = 2A668FB91F0E3106008C1951 /* MyToast.m */; };
		2A668FBD1F0E3171008C1951 /* UIColor+MyColor.m in Sources */ = {isa = PBXBuildFile; fileRef = 2A668FBC1F0E3171008C1951 /* UIColor+MyColor.m */; };
		2A668FC01F0E31A0008C1951 /* HtmlWebVC.m in Sources */ = {isa = PBXBuildFile; fileRef = 2A668FBF1F0E31A0008C1951 /* HtmlWebVC.m */; };
		2A668FC31F0E31DB008C1951 /* BaseUI.m in Sources */ = {isa = PBXBuildFile; fileRef = 2A668FC21F0E31DB008C1951 /* BaseUI.m */; };
		2A668FD01F0E3352008C1951 /* sdRefeshView_arrow@2x.png in Resources */ = {isa = PBXBuildFile; fileRef = 2A668FC61F0E3352008C1951 /* sdRefeshView_arrow@2x.png */; };
		2A668FD11F0E3352008C1951 /* SDRefreshFooterView.m in Sources */ = {isa = PBXBuildFile; fileRef = 2A668FC91F0E3352008C1951 /* SDRefreshFooterView.m */; };
		2A668FD21F0E3352008C1951 /* SDRefreshHeaderView.m in Sources */ = {isa = PBXBuildFile; fileRef = 2A668FCB1F0E3352008C1951 /* SDRefreshHeaderView.m */; };
		2A668FD31F0E3352008C1951 /* SDRefreshView.m in Sources */ = {isa = PBXBuildFile; fileRef = 2A668FCD1F0E3352008C1951 /* SDRefreshView.m */; };
		2A668FD41F0E3352008C1951 /* UIView+SDExtension.m in Sources */ = {isa = PBXBuildFile; fileRef = 2A668FCF1F0E3352008C1951 /* UIView+SDExtension.m */; };
		2A668FDA1F0E339B008C1951 /* ActivityView.m in Sources */ = {isa = PBXBuildFile; fileRef = 2A668FD71F0E339B008C1951 /* ActivityView.m */; };
		2A668FDB1F0E339B008C1951 /* LLARingSpinnerView.m in Sources */ = {isa = PBXBuildFile; fileRef = 2A668FD91F0E339B008C1951 /* LLARingSpinnerView.m */; };
		2A668FDF1F0F264D008C1951 /* NetworkTool.m in Sources */ = {isa = PBXBuildFile; fileRef = 2A668FDE1F0F264D008C1951 /* NetworkTool.m */; };
		2A668FE21F0F618C008C1951 /* ChangeTablebar.m in Sources */ = {isa = PBXBuildFile; fileRef = 2A668FE11F0F618C008C1951 /* ChangeTablebar.m */; };
		2A668FE61F0F7A4F008C1951 /* ActivityListCell.m in Sources */ = {isa = PBXBuildFile; fileRef = 2A668FE41F0F7A4F008C1951 /* ActivityListCell.m */; };
		2A668FE71F0F7A4F008C1951 /* ActivityListCell.xib in Resources */ = {isa = PBXBuildFile; fileRef = 2A668FE51F0F7A4F008C1951 /* ActivityListCell.xib */; };
		2A668FEA1F0F82AA008C1951 /* ActivityModel.m in Sources */ = {isa = PBXBuildFile; fileRef = 2A668FE91F0F82AA008C1951 /* ActivityModel.m */; };
		2A668FED1F0F934E008C1951 /* LottoryListModel.m in Sources */ = {isa = PBXBuildFile; fileRef = 2A668FEC1F0F934E008C1951 /* LottoryListModel.m */; };
		2A668FF01F0F9835008C1951 /* LunboListModel.m in Sources */ = {isa = PBXBuildFile; fileRef = 2A668FEF1F0F9835008C1951 /* LunboListModel.m */; };
		2A668FF31F0F98AD008C1951 /* ZixunListModel.m in Sources */ = {isa = PBXBuildFile; fileRef = 2A668FF21F0F98AD008C1951 /* ZixunListModel.m */; };
		2A668FF71F132C83008C1951 /* ZixunlistCell.m in Sources */ = {isa = PBXBuildFile; fileRef = 2A668FF51F132C83008C1951 /* ZixunlistCell.m */; };
		2A668FF81F132C83008C1951 /* ZixunlistCell.xib in Resources */ = {isa = PBXBuildFile; fileRef = 2A668FF61F132C83008C1951 /* ZixunlistCell.xib */; };
		2A668FFB1F134FB6008C1951 /* SecondController.m in Sources */ = {isa = PBXBuildFile; fileRef = 2A668FFA1F134FB6008C1951 /* SecondController.m */; };
		2A668FFF1F1355C2008C1951 /* ZixunMoreListCell.m in Sources */ = {isa = PBXBuildFile; fileRef = 2A668FFD1F1355C2008C1951 /* ZixunMoreListCell.m */; };
		2A6690001F1355C2008C1951 /* ZixunMoreListCell.xib in Resources */ = {isa = PBXBuildFile; fileRef = 2A668FFE1F1355C2008C1951 /* ZixunMoreListCell.xib */; };
		2A6690031F13564C008C1951 /* ZixunListMoreModel.m in Sources */ = {isa = PBXBuildFile; fileRef = 2A6690021F13564C008C1951 /* ZixunListMoreModel.m */; };
		2A6690271F136F9D008C1951 /* HelpCenterController.m in Sources */ = {isa = PBXBuildFile; fileRef = 2A6690261F136F9D008C1951 /* HelpCenterController.m */; };
		2A6690291F137038008C1951 /* help.json in Resources */ = {isa = PBXBuildFile; fileRef = 2A6690281F137038008C1951 /* help.json */; };
		2A66902C1F137601008C1951 /* LocalHtmlVC.m in Sources */ = {isa = PBXBuildFile; fileRef = 2A66902B1F137601008C1951 /* LocalHtmlVC.m */; };
		2A6690461F138D2C008C1951 /* LaunchIntroductionView.m in Sources */ = {isa = PBXBuildFile; fileRef = 2A6690451F138D2C008C1951 /* LaunchIntroductionView.m */; };
		31184A910FE16C22D163DE8F /* libPods-IMLottery.a in Frameworks */ = {isa = PBXBuildFile; fileRef = BBE8B43C3DEC4318721C3F4A /* libPods-IMLottery.a */; };
		B27943361D6A9D9D007749DC /* bjdc_howto.html in Resources */ = {isa = PBXBuildFile; fileRef = B27943191D6A9D9D007749DC /* bjdc_howto.html */; };
		B27943371D6A9D9D007749DC /* coupon_help.html in Resources */ = {isa = PBXBuildFile; fileRef = B279431A1D6A9D9D007749DC /* coupon_help.html */; };
		B27943381D6A9D9D007749DC /* credit_help.html in Resources */ = {isa = PBXBuildFile; fileRef = B279431B1D6A9D9D007749DC /* credit_help.html */; };
		B27943391D6A9D9D007749DC /* dlt_howto.html in Resources */ = {isa = PBXBuildFile; fileRef = B279431C1D6A9D9D007749DC /* dlt_howto.html */; };
		B279433A1D6A9D9D007749DC /* f9_howto.html in Resources */ = {isa = PBXBuildFile; fileRef = B279431D1D6A9D9D007749DC /* f9_howto.html */; };
		B279433B1D6A9D9D007749DC /* gdy11_howto.html in Resources */ = {isa = PBXBuildFile; fileRef = B279431E1D6A9D9D007749DC /* gdy11_howto.html */; };
		B279433C1D6A9D9D007749DC /* group_record.html in Resources */ = {isa = PBXBuildFile; fileRef = B279431F1D6A9D9D007749DC /* group_record.html */; };
		B279433D1D6A9D9D007749DC /* help.html in Resources */ = {isa = PBXBuildFile; fileRef = B27943201D6A9D9D007749DC /* help.html */; };
		B279433E1D6A9D9D007749DC /* helpGroupBuy.html in Resources */ = {isa = PBXBuildFile; fileRef = B27943211D6A9D9D007749DC /* helpGroupBuy.html */; };
		B279433F1D6A9D9D007749DC /* jclq_howto.html in Resources */ = {isa = PBXBuildFile; fileRef = B27943221D6A9D9D007749DC /* jclq_howto.html */; };
		B27943401D6A9D9D007749DC /* jczq_howto.html in Resources */ = {isa = PBXBuildFile; fileRef = B27943231D6A9D9D007749DC /* jczq_howto.html */; };
		B27943411D6A9D9D007749DC /* jxssc_howto.html in Resources */ = {isa = PBXBuildFile; fileRef = B27943241D6A9D9D007749DC /* jxssc_howto.html */; };
		B27943421D6A9D9D007749DC /* jxy11_howto.html in Resources */ = {isa = PBXBuildFile; fileRef = B27943251D6A9D9D007749DC /* jxy11_howto.html */; };
		B27943431D6A9D9D007749DC /* k2_howto.html in Resources */ = {isa = PBXBuildFile; fileRef = B27943261D6A9D9D007749DC /* k2_howto.html */; };
		B27943441D6A9D9D007749DC /* k3_howto.html in Resources */ = {isa = PBXBuildFile; fileRef = B27943271D6A9D9D007749DC /* k3_howto.html */; };
		B27943451D6A9D9D007749DC /* kl8_howto.html in Resources */ = {isa = PBXBuildFile; fileRef = B27943281D6A9D9D007749DC /* kl8_howto.html */; };
		B27943461D6A9D9D007749DC /* lk11_howto.html in Resources */ = {isa = PBXBuildFile; fileRef = B27943291D6A9D9D007749DC /* lk11_howto.html */; };
		B27943471D6A9D9D007749DC /* networkconnectedfailed.html in Resources */ = {isa = PBXBuildFile; fileRef = B279432A1D6A9D9D007749DC /* networkconnectedfailed.html */; };
		B27943481D6A9D9D007749DC /* pl3_howto.html in Resources */ = {isa = PBXBuildFile; fileRef = B279432B1D6A9D9D007749DC /* pl3_howto.html */; };
		B27943491D6A9D9D007749DC /* pl5_howto.html in Resources */ = {isa = PBXBuildFile; fileRef = B279432C1D6A9D9D007749DC /* pl5_howto.html */; };
		B279434A1D6A9D9D007749DC /* qlc_howto.html in Resources */ = {isa = PBXBuildFile; fileRef = B279432D1D6A9D9D007749DC /* qlc_howto.html */; };
		B279434B1D6A9D9D007749DC /* qxc_howto.html in Resources */ = {isa = PBXBuildFile; fileRef = B279432E1D6A9D9D007749DC /* qxc_howto.html */; };
		B279434C1D6A9D9D007749DC /* rule.css in Resources */ = {isa = PBXBuildFile; fileRef = B279432F1D6A9D9D007749DC /* rule.css */; };
		B279434D1D6A9D9D007749DC /* sfc_howto.html in Resources */ = {isa = PBXBuildFile; fileRef = B27943301D6A9D9D007749DC /* sfc_howto.html */; };
		B279434E1D6A9D9D007749DC /* ssc_howto.html in Resources */ = {isa = PBXBuildFile; fileRef = B27943311D6A9D9D007749DC /* ssc_howto.html */; };
		B279434F1D6A9D9D007749DC /* ssq_howto.html in Resources */ = {isa = PBXBuildFile; fileRef = B27943321D6A9D9D007749DC /* ssq_howto.html */; };
		B27943501D6A9D9D007749DC /* x3d_howto.html in Resources */ = {isa = PBXBuildFile; fileRef = B27943331D6A9D9D007749DC /* x3d_howto.html */; };
		B27943511D6A9D9D007749DC /* y11_howto.html in Resources */ = {isa = PBXBuildFile; fileRef = B27943341D6A9D9D007749DC /* y11_howto.html */; };
		B27943521D6A9D9D007749DC /* znzh.html in Resources */ = {isa = PBXBuildFile; fileRef = B27943351D6A9D9D007749DC /* znzh.html */; };
		B28F60C31D6436730073813B /* main.m in Sources */ = {isa = PBXBuildFile; fileRef = B28F60C21D6436730073813B /* main.m */; };
		B28F60C61D6436730073813B /* AppDelegate.m in Sources */ = {isa = PBXBuildFile; fileRef = B28F60C51D6436730073813B /* AppDelegate.m */; };
		B28F60CE1D6436730073813B /* Assets.xcassets in Resources */ = {isa = PBXBuildFile; fileRef = B28F60CD1D6436730073813B /* Assets.xcassets */; };
		B28F60DC1D6436730073813B /* IMLotteryTests.m in Sources */ = {isa = PBXBuildFile; fileRef = B28F60DB1D6436730073813B /* IMLotteryTests.m */; };
		B28F60E71D6436730073813B /* IMLotteryUITests.m in Sources */ = {isa = PBXBuildFile; fileRef = B28F60E61D6436730073813B /* IMLotteryUITests.m */; };
/* End PBXBuildFile section */

/* Begin PBXContainerItemProxy section */
		B28F60D81D6436730073813B /* PBXContainerItemProxy */ = {
			isa = PBXContainerItemProxy;
			containerPortal = B28F60B61D6436730073813B /* Project object */;
			proxyType = 1;
			remoteGlobalIDString = B28F60BD1D6436730073813B;
			remoteInfo = IMLottery;
		};
		B28F60E31D6436730073813B /* PBXContainerItemProxy */ = {
			isa = PBXContainerItemProxy;
			containerPortal = B28F60B61D6436730073813B /* Project object */;
			proxyType = 1;
			remoteGlobalIDString = B28F60BD1D6436730073813B;
			remoteInfo = IMLottery;
		};
/* End PBXContainerItemProxy section */

/* Begin PBXFileReference section */
		07D5C4EE2FF3BC9DCEE17292 /* Pods-IMLottery.release.xcconfig */ = {isa = PBXFileReference; includeInIndex = 1; lastKnownFileType = text.xcconfig; name = "Pods-IMLottery.release.xcconfig"; path = "Pods/Target Support Files/Pods-IMLottery/Pods-IMLottery.release.xcconfig"; sourceTree = "<group>"; };
		2A668F4B1F0DD08B008C1951 /* PrefixHeader.pch */ = {isa = PBXFileReference; lastKnownFileType = sourcecode.c.h; path = PrefixHeader.pch; sourceTree = "<group>"; };
		2A668F511F0DD352008C1951 /* NSString+Contains.h */ = {isa = PBXFileReference; fileEncoding = 4; lastKnownFileType = sourcecode.c.h; path = "NSString+Contains.h"; sourceTree = "<group>"; };
		2A668F521F0DD352008C1951 /* NSString+Contains.m */ = {isa = PBXFileReference; fileEncoding = 4; lastKnownFileType = sourcecode.c.objc; path = "NSString+Contains.m"; sourceTree = "<group>"; };
		2A668F531F0DD352008C1951 /* README.md */ = {isa = PBXFileReference; fileEncoding = 4; lastKnownFileType = net.daringfireball.markdown; path = README.md; sourceTree = "<group>"; };
		2A668F541F0DD352008C1951 /* UIColor+Extension.h */ = {isa = PBXFileReference; fileEncoding = 4; lastKnownFileType = sourcecode.c.h; path = "UIColor+Extension.h"; sourceTree = "<group>"; };
		2A668F551F0DD352008C1951 /* UIColor+Extension.m */ = {isa = PBXFileReference; fileEncoding = 4; lastKnownFileType = sourcecode.c.objc; path = "UIColor+Extension.m"; sourceTree = "<group>"; };
		2A668F561F0DD352008C1951 /* UIView+Extension.h */ = {isa = PBXFileReference; fileEncoding = 4; lastKnownFileType = sourcecode.c.h; path = "UIView+Extension.h"; sourceTree = "<group>"; };
		2A668F571F0DD352008C1951 /* UIView+Extension.m */ = {isa = PBXFileReference; fileEncoding = 4; lastKnownFileType = sourcecode.c.objc; path = "UIView+Extension.m"; sourceTree = "<group>"; };
		2A668F5F1F0DD564008C1951 /* GiFHUD.h */ = {isa = PBXFileReference; fileEncoding = 4; lastKnownFileType = sourcecode.c.h; path = GiFHUD.h; sourceTree = "<group>"; };
		2A668F601F0DD564008C1951 /* GiFHUD.m */ = {isa = PBXFileReference; fileEncoding = 4; lastKnownFileType = sourcecode.c.objc; path = GiFHUD.m; sourceTree = "<group>"; };
		2A668F611F0DD564008C1951 /* iToast.h */ = {isa = PBXFileReference; fileEncoding = 4; lastKnownFileType = sourcecode.c.h; path = iToast.h; sourceTree = "<group>"; };
		2A668F621F0DD564008C1951 /* iToast.m */ = {isa = PBXFileReference; fileEncoding = 4; lastKnownFileType = sourcecode.c.objc; path = iToast.m; sourceTree = "<group>"; };
		2A668F641F0DD564008C1951 /* NSArray+Extension.h */ = {isa = PBXFileReference; fileEncoding = 4; lastKnownFileType = sourcecode.c.h; path = "NSArray+Extension.h"; sourceTree = "<group>"; };
		2A668F651F0DD564008C1951 /* NSArray+Extension.m */ = {isa = PBXFileReference; fileEncoding = 4; lastKnownFileType = sourcecode.c.objc; path = "NSArray+Extension.m"; sourceTree = "<group>"; };
		2A668F661F0DD564008C1951 /* NSArray+QBSafeAccess.h */ = {isa = PBXFileReference; fileEncoding = 4; lastKnownFileType = sourcecode.c.h; path = "NSArray+QBSafeAccess.h"; sourceTree = "<group>"; };
		2A668F671F0DD564008C1951 /* NSArray+QBSafeAccess.m */ = {isa = PBXFileReference; fileEncoding = 4; lastKnownFileType = sourcecode.c.objc; path = "NSArray+QBSafeAccess.m"; sourceTree = "<group>"; };
		2A668F681F0DD564008C1951 /* NSDictionary+Extension.h */ = {isa = PBXFileReference; fileEncoding = 4; lastKnownFileType = sourcecode.c.h; path = "NSDictionary+Extension.h"; sourceTree = "<group>"; };
		2A668F691F0DD564008C1951 /* NSDictionary+Extension.m */ = {isa = PBXFileReference; fileEncoding = 4; lastKnownFileType = sourcecode.c.objc; path = "NSDictionary+Extension.m"; sourceTree = "<group>"; };
		2A668F6A1F0DD564008C1951 /* NSDictionary+QBSafeAccess.h */ = {isa = PBXFileReference; fileEncoding = 4; lastKnownFileType = sourcecode.c.h; path = "NSDictionary+QBSafeAccess.h"; sourceTree = "<group>"; };
		2A668F6B1F0DD564008C1951 /* NSDictionary+QBSafeAccess.m */ = {isa = PBXFileReference; fileEncoding = 4; lastKnownFileType = sourcecode.c.objc; path = "NSDictionary+QBSafeAccess.m"; sourceTree = "<group>"; };
		2A668F6C1F0DD564008C1951 /* NSString+Encode.h */ = {isa = PBXFileReference; fileEncoding = 4; lastKnownFileType = sourcecode.c.h; path = "NSString+Encode.h"; sourceTree = "<group>"; };
		2A668F6D1F0DD564008C1951 /* NSString+Encode.m */ = {isa = PBXFileReference; fileEncoding = 4; lastKnownFileType = sourcecode.c.objc; path = "NSString+Encode.m"; sourceTree = "<group>"; };
		2A668F7D1F0E1F62008C1951 /* IMLottery.entitlements */ = {isa = PBXFileReference; lastKnownFileType = text.plist.entitlements; path = IMLottery.entitlements; sourceTree = "<group>"; };
		2A668F971F0E2D6D008C1951 /* BaseViewController.h */ = {isa = PBXFileReference; fileEncoding = 4; lastKnownFileType = sourcecode.c.h; path = BaseViewController.h; sourceTree = "<group>"; };
		2A668F981F0E2D6D008C1951 /* BaseViewController.m */ = {isa = PBXFileReference; fileEncoding = 4; lastKnownFileType = sourcecode.c.objc; path = BaseViewController.m; sourceTree = "<group>"; };
		2A668F991F0E2D6D008C1951 /* LWNavController.h */ = {isa = PBXFileReference; fileEncoding = 4; lastKnownFileType = sourcecode.c.h; path = LWNavController.h; sourceTree = "<group>"; };
		2A668F9A1F0E2D6D008C1951 /* LWNavController.m */ = {isa = PBXFileReference; fileEncoding = 4; lastKnownFileType = sourcecode.c.objc; path = LWNavController.m; sourceTree = "<group>"; };
		2A668F9E1F0E2E22008C1951 /* HomeController.h */ = {isa = PBXFileReference; fileEncoding = 4; lastKnownFileType = sourcecode.c.h; path = HomeController.h; sourceTree = "<group>"; };
		2A668F9F1F0E2E22008C1951 /* HomeController.m */ = {isa = PBXFileReference; fileEncoding = 4; lastKnownFileType = sourcecode.c.objc; path = HomeController.m; sourceTree = "<group>"; };
		2A668FA01F0E2E22008C1951 /* HomeController.xib */ = {isa = PBXFileReference; fileEncoding = 4; lastKnownFileType = file.xib; path = HomeController.xib; sourceTree = "<group>"; };
		2A668FA31F0E2E33008C1951 /* HistoryController.h */ = {isa = PBXFileReference; fileEncoding = 4; lastKnownFileType = sourcecode.c.h; path = HistoryController.h; sourceTree = "<group>"; };
		2A668FA41F0E2E33008C1951 /* HistoryController.m */ = {isa = PBXFileReference; fileEncoding = 4; lastKnownFileType = sourcecode.c.objc; path = HistoryController.m; sourceTree = "<group>"; };
		2A668FA51F0E2E33008C1951 /* HistoryController.xib */ = {isa = PBXFileReference; fileEncoding = 4; lastKnownFileType = file.xib; path = HistoryController.xib; sourceTree = "<group>"; };
		2A668FA81F0E2E41008C1951 /* MineController.h */ = {isa = PBXFileReference; fileEncoding = 4; lastKnownFileType = sourcecode.c.h; path = MineController.h; sourceTree = "<group>"; };
		2A668FA91F0E2E41008C1951 /* MineController.m */ = {isa = PBXFileReference; fileEncoding = 4; lastKnownFileType = sourcecode.c.objc; path = MineController.m; sourceTree = "<group>"; };
		2A668FAA1F0E2E41008C1951 /* MineController.xib */ = {isa = PBXFileReference; fileEncoding = 4; lastKnownFileType = file.xib; path = MineController.xib; sourceTree = "<group>"; };
		2A668FAD1F0E2EB0008C1951 /* MytableBarVC.h */ = {isa = PBXFileReference; fileEncoding = 4; lastKnownFileType = sourcecode.c.h; path = MytableBarVC.h; sourceTree = "<group>"; };
		2A668FAE1F0E2EB0008C1951 /* MytableBarVC.m */ = {isa = PBXFileReference; fileEncoding = 4; lastKnownFileType = sourcecode.c.objc; path = MytableBarVC.m; sourceTree = "<group>"; };
		2A668FB11F0E303F008C1951 /* ACMacros.h */ = {isa = PBXFileReference; fileEncoding = 4; lastKnownFileType = sourcecode.c.h; path = ACMacros.h; sourceTree = "<group>"; };
		2A668FB21F0E303F008C1951 /* APIMacro.h */ = {isa = PBXFileReference; fileEncoding = 4; lastKnownFileType = sourcecode.c.h; path = APIMacro.h; sourceTree = "<group>"; };
		2A668FB31F0E303F008C1951 /* AppMacro.h */ = {isa = PBXFileReference; fileEncoding = 4; lastKnownFileType = sourcecode.c.h; path = AppMacro.h; sourceTree = "<group>"; };
		2A668FB41F0E303F008C1951 /* NotificationMacro.h */ = {isa = PBXFileReference; fileEncoding = 4; lastKnownFileType = sourcecode.c.h; path = NotificationMacro.h; sourceTree = "<group>"; };
		2A668FB51F0E303F008C1951 /* ToolView.h */ = {isa = PBXFileReference; fileEncoding = 4; lastKnownFileType = sourcecode.c.h; path = ToolView.h; sourceTree = "<group>"; };
		2A668FB61F0E303F008C1951 /* UtilsMacro.h */ = {isa = PBXFileReference; fileEncoding = 4; lastKnownFileType = sourcecode.c.h; path = UtilsMacro.h; sourceTree = "<group>"; };
		2A668FB71F0E303F008C1951 /* VendorMarco.h */ = {isa = PBXFileReference; fileEncoding = 4; lastKnownFileType = sourcecode.c.h; path = VendorMarco.h; sourceTree = "<group>"; };
		2A668FB81F0E3106008C1951 /* MyToast.h */ = {isa = PBXFileReference; fileEncoding = 4; lastKnownFileType = sourcecode.c.h; path = MyToast.h; sourceTree = "<group>"; };
		2A668FB91F0E3106008C1951 /* MyToast.m */ = {isa = PBXFileReference; fileEncoding = 4; lastKnownFileType = sourcecode.c.objc; path = MyToast.m; sourceTree = "<group>"; };
		2A668FBB1F0E3171008C1951 /* UIColor+MyColor.h */ = {isa = PBXFileReference; fileEncoding = 4; lastKnownFileType = sourcecode.c.h; path = "UIColor+MyColor.h"; sourceTree = "<group>"; };
		2A668FBC1F0E3171008C1951 /* UIColor+MyColor.m */ = {isa = PBXFileReference; fileEncoding = 4; lastKnownFileType = sourcecode.c.objc; path = "UIColor+MyColor.m"; sourceTree = "<group>"; };
		2A668FBE1F0E31A0008C1951 /* HtmlWebVC.h */ = {isa = PBXFileReference; fileEncoding = 4; lastKnownFileType = sourcecode.c.h; path = HtmlWebVC.h; sourceTree = "<group>"; };
		2A668FBF1F0E31A0008C1951 /* HtmlWebVC.m */ = {isa = PBXFileReference; fileEncoding = 4; lastKnownFileType = sourcecode.c.objc; path = HtmlWebVC.m; sourceTree = "<group>"; };
		2A668FC11F0E31DB008C1951 /* BaseUI.h */ = {isa = PBXFileReference; fileEncoding = 4; lastKnownFileType = sourcecode.c.h; path = BaseUI.h; sourceTree = "<group>"; };
		2A668FC21F0E31DB008C1951 /* BaseUI.m */ = {isa = PBXFileReference; fileEncoding = 4; lastKnownFileType = sourcecode.c.objc; path = BaseUI.m; sourceTree = "<group>"; };
		2A668FC61F0E3352008C1951 /* sdRefeshView_arrow@2x.png */ = {isa = PBXFileReference; lastKnownFileType = image.png; path = "sdRefeshView_arrow@2x.png"; sourceTree = "<group>"; };
		2A668FC71F0E3352008C1951 /* SDRefresh.h */ = {isa = PBXFileReference; fileEncoding = 4; lastKnownFileType = sourcecode.c.h; path = SDRefresh.h; sourceTree = "<group>"; };
		2A668FC81F0E3352008C1951 /* SDRefreshFooterView.h */ = {isa = PBXFileReference; fileEncoding = 4; lastKnownFileType = sourcecode.c.h; path = SDRefreshFooterView.h; sourceTree = "<group>"; };
		2A668FC91F0E3352008C1951 /* SDRefreshFooterView.m */ = {isa = PBXFileReference; fileEncoding = 4; lastKnownFileType = sourcecode.c.objc; path = SDRefreshFooterView.m; sourceTree = "<group>"; };
		2A668FCA1F0E3352008C1951 /* SDRefreshHeaderView.h */ = {isa = PBXFileReference; fileEncoding = 4; lastKnownFileType = sourcecode.c.h; path = SDRefreshHeaderView.h; sourceTree = "<group>"; };
		2A668FCB1F0E3352008C1951 /* SDRefreshHeaderView.m */ = {isa = PBXFileReference; fileEncoding = 4; lastKnownFileType = sourcecode.c.objc; path = SDRefreshHeaderView.m; sourceTree = "<group>"; };
		2A668FCC1F0E3352008C1951 /* SDRefreshView.h */ = {isa = PBXFileReference; fileEncoding = 4; lastKnownFileType = sourcecode.c.h; path = SDRefreshView.h; sourceTree = "<group>"; };
		2A668FCD1F0E3352008C1951 /* SDRefreshView.m */ = {isa = PBXFileReference; fileEncoding = 4; lastKnownFileType = sourcecode.c.objc; path = SDRefreshView.m; sourceTree = "<group>"; };
		2A668FCE1F0E3352008C1951 /* UIView+SDExtension.h */ = {isa = PBXFileReference; fileEncoding = 4; lastKnownFileType = sourcecode.c.h; path = "UIView+SDExtension.h"; sourceTree = "<group>"; };
		2A668FCF1F0E3352008C1951 /* UIView+SDExtension.m */ = {isa = PBXFileReference; fileEncoding = 4; lastKnownFileType = sourcecode.c.objc; path = "UIView+SDExtension.m"; sourceTree = "<group>"; };
		2A668FD61F0E339B008C1951 /* ActivityView.h */ = {isa = PBXFileReference; fileEncoding = 4; lastKnownFileType = sourcecode.c.h; path = ActivityView.h; sourceTree = "<group>"; };
		2A668FD71F0E339B008C1951 /* ActivityView.m */ = {isa = PBXFileReference; fileEncoding = 4; lastKnownFileType = sourcecode.c.objc; path = ActivityView.m; sourceTree = "<group>"; };
		2A668FD81F0E339B008C1951 /* LLARingSpinnerView.h */ = {isa = PBXFileReference; fileEncoding = 4; lastKnownFileType = sourcecode.c.h; path = LLARingSpinnerView.h; sourceTree = "<group>"; };
		2A668FD91F0E339B008C1951 /* LLARingSpinnerView.m */ = {isa = PBXFileReference; fileEncoding = 4; lastKnownFileType = sourcecode.c.objc; path = LLARingSpinnerView.m; sourceTree = "<group>"; };
		2A668FDD1F0F264D008C1951 /* NetworkTool.h */ = {isa = PBXFileReference; fileEncoding = 4; lastKnownFileType = sourcecode.c.h; path = NetworkTool.h; sourceTree = "<group>"; };
		2A668FDE1F0F264D008C1951 /* NetworkTool.m */ = {isa = PBXFileReference; fileEncoding = 4; lastKnownFileType = sourcecode.c.objc; path = NetworkTool.m; sourceTree = "<group>"; };
		2A668FE01F0F618C008C1951 /* ChangeTablebar.h */ = {isa = PBXFileReference; fileEncoding = 4; lastKnownFileType = sourcecode.c.h; path = ChangeTablebar.h; sourceTree = "<group>"; };
		2A668FE11F0F618C008C1951 /* ChangeTablebar.m */ = {isa = PBXFileReference; fileEncoding = 4; lastKnownFileType = sourcecode.c.objc; path = ChangeTablebar.m; sourceTree = "<group>"; };
		2A668FE31F0F7A4F008C1951 /* ActivityListCell.h */ = {isa = PBXFileReference; fileEncoding = 4; lastKnownFileType = sourcecode.c.h; path = ActivityListCell.h; sourceTree = "<group>"; };
		2A668FE41F0F7A4F008C1951 /* ActivityListCell.m */ = {isa = PBXFileReference; fileEncoding = 4; lastKnownFileType = sourcecode.c.objc; path = ActivityListCell.m; sourceTree = "<group>"; };
		2A668FE51F0F7A4F008C1951 /* ActivityListCell.xib */ = {isa = PBXFileReference; fileEncoding = 4; lastKnownFileType = file.xib; path = ActivityListCell.xib; sourceTree = "<group>"; };
		2A668FE81F0F82AA008C1951 /* ActivityModel.h */ = {isa = PBXFileReference; fileEncoding = 4; lastKnownFileType = sourcecode.c.h; path = ActivityModel.h; sourceTree = "<group>"; };
		2A668FE91F0F82AA008C1951 /* ActivityModel.m */ = {isa = PBXFileReference; fileEncoding = 4; lastKnownFileType = sourcecode.c.objc; path = ActivityModel.m; sourceTree = "<group>"; };
		2A668FEB1F0F934E008C1951 /* LottoryListModel.h */ = {isa = PBXFileReference; fileEncoding = 4; lastKnownFileType = sourcecode.c.h; path = LottoryListModel.h; sourceTree = "<group>"; };
		2A668FEC1F0F934E008C1951 /* LottoryListModel.m */ = {isa = PBXFileReference; fileEncoding = 4; lastKnownFileType = sourcecode.c.objc; path = LottoryListModel.m; sourceTree = "<group>"; };
		2A668FEE1F0F9835008C1951 /* LunboListModel.h */ = {isa = PBXFileReference; fileEncoding = 4; lastKnownFileType = sourcecode.c.h; path = LunboListModel.h; sourceTree = "<group>"; };
		2A668FEF1F0F9835008C1951 /* LunboListModel.m */ = {isa = PBXFileReference; fileEncoding = 4; lastKnownFileType = sourcecode.c.objc; path = LunboListModel.m; sourceTree = "<group>"; };
		2A668FF11F0F98AD008C1951 /* ZixunListModel.h */ = {isa = PBXFileReference; fileEncoding = 4; lastKnownFileType = sourcecode.c.h; path = ZixunListModel.h; sourceTree = "<group>"; };
		2A668FF21F0F98AD008C1951 /* ZixunListModel.m */ = {isa = PBXFileReference; fileEncoding = 4; lastKnownFileType = sourcecode.c.objc; path = ZixunListModel.m; sourceTree = "<group>"; };
		2A668FF41F132C83008C1951 /* ZixunlistCell.h */ = {isa = PBXFileReference; fileEncoding = 4; lastKnownFileType = sourcecode.c.h; path = ZixunlistCell.h; sourceTree = "<group>"; };
		2A668FF51F132C83008C1951 /* ZixunlistCell.m */ = {isa = PBXFileReference; fileEncoding = 4; lastKnownFileType = sourcecode.c.objc; path = ZixunlistCell.m; sourceTree = "<group>"; };
		2A668FF61F132C83008C1951 /* ZixunlistCell.xib */ = {isa = PBXFileReference; fileEncoding = 4; lastKnownFileType = file.xib; path = ZixunlistCell.xib; sourceTree = "<group>"; };
		2A668FF91F134FB6008C1951 /* SecondController.h */ = {isa = PBXFileReference; fileEncoding = 4; lastKnownFileType = sourcecode.c.h; path = SecondController.h; sourceTree = "<group>"; };
		2A668FFA1F134FB6008C1951 /* SecondController.m */ = {isa = PBXFileReference; fileEncoding = 4; lastKnownFileType = sourcecode.c.objc; path = SecondController.m; sourceTree = "<group>"; };
		2A668FFC1F1355C2008C1951 /* ZixunMoreListCell.h */ = {isa = PBXFileReference; fileEncoding = 4; lastKnownFileType = sourcecode.c.h; path = ZixunMoreListCell.h; sourceTree = "<group>"; };
		2A668FFD1F1355C2008C1951 /* ZixunMoreListCell.m */ = {isa = PBXFileReference; fileEncoding = 4; lastKnownFileType = sourcecode.c.objc; path = ZixunMoreListCell.m; sourceTree = "<group>"; };
		2A668FFE1F1355C2008C1951 /* ZixunMoreListCell.xib */ = {isa = PBXFileReference; fileEncoding = 4; lastKnownFileType = file.xib; path = ZixunMoreListCell.xib; sourceTree = "<group>"; };
		2A6690011F13564C008C1951 /* ZixunListMoreModel.h */ = {isa = PBXFileReference; fileEncoding = 4; lastKnownFileType = sourcecode.c.h; path = ZixunListMoreModel.h; sourceTree = "<group>"; };
		2A6690021F13564C008C1951 /* ZixunListMoreModel.m */ = {isa = PBXFileReference; fileEncoding = 4; lastKnownFileType = sourcecode.c.objc; path = ZixunListMoreModel.m; sourceTree = "<group>"; };
		2A6690251F136F9D008C1951 /* HelpCenterController.h */ = {isa = PBXFileReference; fileEncoding = 4; lastKnownFileType = sourcecode.c.h; path = HelpCenterController.h; sourceTree = "<group>"; };
		2A6690261F136F9D008C1951 /* HelpCenterController.m */ = {isa = PBXFileReference; fileEncoding = 4; lastKnownFileType = sourcecode.c.objc; path = HelpCenterController.m; sourceTree = "<group>"; };
		2A6690281F137038008C1951 /* help.json */ = {isa = PBXFileReference; fileEncoding = 4; lastKnownFileType = text.json; path = help.json; sourceTree = "<group>"; };
		2A66902A1F137601008C1951 /* LocalHtmlVC.h */ = {isa = PBXFileReference; fileEncoding = 4; lastKnownFileType = sourcecode.c.h; path = LocalHtmlVC.h; sourceTree = "<group>"; };
		2A66902B1F137601008C1951 /* LocalHtmlVC.m */ = {isa = PBXFileReference; fileEncoding = 4; lastKnownFileType = sourcecode.c.objc; path = LocalHtmlVC.m; sourceTree = "<group>"; };
		2A6690441F138D2C008C1951 /* LaunchIntroductionView.h */ = {isa = PBXFileReference; fileEncoding = 4; lastKnownFileType = sourcecode.c.h; path = LaunchIntroductionView.h; sourceTree = "<group>"; };
		2A6690451F138D2C008C1951 /* LaunchIntroductionView.m */ = {isa = PBXFileReference; fileEncoding = 4; lastKnownFileType = sourcecode.c.objc; path = LaunchIntroductionView.m; sourceTree = "<group>"; };
		B27943191D6A9D9D007749DC /* bjdc_howto.html */ = {isa = PBXFileReference; fileEncoding = 4; lastKnownFileType = text.html; path = bjdc_howto.html; sourceTree = "<group>"; };
		B279431A1D6A9D9D007749DC /* coupon_help.html */ = {isa = PBXFileReference; fileEncoding = 4; lastKnownFileType = text.html; path = coupon_help.html; sourceTree = "<group>"; };
		B279431B1D6A9D9D007749DC /* credit_help.html */ = {isa = PBXFileReference; fileEncoding = 4; lastKnownFileType = text.html; path = credit_help.html; sourceTree = "<group>"; };
		B279431C1D6A9D9D007749DC /* dlt_howto.html */ = {isa = PBXFileReference; fileEncoding = 4; lastKnownFileType = text.html; path = dlt_howto.html; sourceTree = "<group>"; };
		B279431D1D6A9D9D007749DC /* f9_howto.html */ = {isa = PBXFileReference; fileEncoding = 4; lastKnownFileType = text.html; path = f9_howto.html; sourceTree = "<group>"; };
		B279431E1D6A9D9D007749DC /* gdy11_howto.html */ = {isa = PBXFileReference; fileEncoding = 4; lastKnownFileType = text.html; path = gdy11_howto.html; sourceTree = "<group>"; };
		B279431F1D6A9D9D007749DC /* group_record.html */ = {isa = PBXFileReference; fileEncoding = 4; lastKnownFileType = text.html; path = group_record.html; sourceTree = "<group>"; };
		B27943201D6A9D9D007749DC /* help.html */ = {isa = PBXFileReference; fileEncoding = 4; lastKnownFileType = text.html; path = help.html; sourceTree = "<group>"; };
		B27943211D6A9D9D007749DC /* helpGroupBuy.html */ = {isa = PBXFileReference; fileEncoding = 4; lastKnownFileType = text.html; path = helpGroupBuy.html; sourceTree = "<group>"; };
		B27943221D6A9D9D007749DC /* jclq_howto.html */ = {isa = PBXFileReference; fileEncoding = 4; lastKnownFileType = text.html; path = jclq_howto.html; sourceTree = "<group>"; };
		B27943231D6A9D9D007749DC /* jczq_howto.html */ = {isa = PBXFileReference; fileEncoding = 4; lastKnownFileType = text.html; path = jczq_howto.html; sourceTree = "<group>"; };
		B27943241D6A9D9D007749DC /* jxssc_howto.html */ = {isa = PBXFileReference; fileEncoding = 4; lastKnownFileType = text.html; path = jxssc_howto.html; sourceTree = "<group>"; };
		B27943251D6A9D9D007749DC /* jxy11_howto.html */ = {isa = PBXFileReference; fileEncoding = 4; lastKnownFileType = text.html; path = jxy11_howto.html; sourceTree = "<group>"; };
		B27943261D6A9D9D007749DC /* k2_howto.html */ = {isa = PBXFileReference; fileEncoding = 4; lastKnownFileType = text.html; path = k2_howto.html; sourceTree = "<group>"; };
		B27943271D6A9D9D007749DC /* k3_howto.html */ = {isa = PBXFileReference; fileEncoding = 4; lastKnownFileType = text.html; path = k3_howto.html; sourceTree = "<group>"; };
		B27943281D6A9D9D007749DC /* kl8_howto.html */ = {isa = PBXFileReference; fileEncoding = 4; lastKnownFileType = text.html; path = kl8_howto.html; sourceTree = "<group>"; };
		B27943291D6A9D9D007749DC /* lk11_howto.html */ = {isa = PBXFileReference; fileEncoding = 4; lastKnownFileType = text.html; path = lk11_howto.html; sourceTree = "<group>"; };
		B279432A1D6A9D9D007749DC /* networkconnectedfailed.html */ = {isa = PBXFileReference; fileEncoding = 4; lastKnownFileType = text.html; path = networkconnectedfailed.html; sourceTree = "<group>"; };
		B279432B1D6A9D9D007749DC /* pl3_howto.html */ = {isa = PBXFileReference; fileEncoding = 4; lastKnownFileType = text.html; path = pl3_howto.html; sourceTree = "<group>"; };
		B279432C1D6A9D9D007749DC /* pl5_howto.html */ = {isa = PBXFileReference; fileEncoding = 4; lastKnownFileType = text.html; path = pl5_howto.html; sourceTree = "<group>"; };
		B279432D1D6A9D9D007749DC /* qlc_howto.html */ = {isa = PBXFileReference; fileEncoding = 4; lastKnownFileType = text.html; path = qlc_howto.html; sourceTree = "<group>"; };
		B279432E1D6A9D9D007749DC /* qxc_howto.html */ = {isa = PBXFileReference; fileEncoding = 4; lastKnownFileType = text.html; path = qxc_howto.html; sourceTree = "<group>"; };
		B279432F1D6A9D9D007749DC /* rule.css */ = {isa = PBXFileReference; fileEncoding = 4; lastKnownFileType = text.css; path = rule.css; sourceTree = "<group>"; };
		B27943301D6A9D9D007749DC /* sfc_howto.html */ = {isa = PBXFileReference; fileEncoding = 4; lastKnownFileType = text.html; path = sfc_howto.html; sourceTree = "<group>"; };
		B27943311D6A9D9D007749DC /* ssc_howto.html */ = {isa = PBXFileReference; fileEncoding = 4; lastKnownFileType = text.html; path = ssc_howto.html; sourceTree = "<group>"; };
		B27943321D6A9D9D007749DC /* ssq_howto.html */ = {isa = PBXFileReference; fileEncoding = 4; lastKnownFileType = text.html; path = ssq_howto.html; sourceTree = "<group>"; };
		B27943331D6A9D9D007749DC /* x3d_howto.html */ = {isa = PBXFileReference; fileEncoding = 4; lastKnownFileType = text.html; path = x3d_howto.html; sourceTree = "<group>"; };
		B27943341D6A9D9D007749DC /* y11_howto.html */ = {isa = PBXFileReference; fileEncoding = 4; lastKnownFileType = text.html; path = y11_howto.html; sourceTree = "<group>"; };
		B27943351D6A9D9D007749DC /* znzh.html */ = {isa = PBXFileReference; fileEncoding = 4; lastKnownFileType = text.html; path = znzh.html; sourceTree = "<group>"; };
		B28F60BE1D6436730073813B /* IMLottery.app */ = {isa = PBXFileReference; explicitFileType = wrapper.application; includeInIndex = 0; path = IMLottery.app; sourceTree = BUILT_PRODUCTS_DIR; };
		B28F60C21D6436730073813B /* main.m */ = {isa = PBXFileReference; lastKnownFileType = sourcecode.c.objc; path = main.m; sourceTree = "<group>"; };
		B28F60C41D6436730073813B /* AppDelegate.h */ = {isa = PBXFileReference; lastKnownFileType = sourcecode.c.h; path = AppDelegate.h; sourceTree = "<group>"; };
		B28F60C51D6436730073813B /* AppDelegate.m */ = {isa = PBXFileReference; lastKnownFileType = sourcecode.c.objc; path = AppDelegate.m; sourceTree = "<group>"; };
		B28F60CD1D6436730073813B /* Assets.xcassets */ = {isa = PBXFileReference; lastKnownFileType = folder.assetcatalog; name = Assets.xcassets; path = IMLottery/Assets.xcassets; sourceTree = "<group>"; };
		B28F60D21D6436730073813B /* Info.plist */ = {isa = PBXFileReference; lastKnownFileType = text.plist.xml; path = Info.plist; sourceTree = "<group>"; };
		B28F60D71D6436730073813B /* IMLotteryTests.xctest */ = {isa = PBXFileReference; explicitFileType = wrapper.cfbundle; includeInIndex = 0; path = IMLotteryTests.xctest; sourceTree = BUILT_PRODUCTS_DIR; };
		B28F60DB1D6436730073813B /* IMLotteryTests.m */ = {isa = PBXFileReference; lastKnownFileType = sourcecode.c.objc; path = IMLotteryTests.m; sourceTree = "<group>"; };
		B28F60DD1D6436730073813B /* Info.plist */ = {isa = PBXFileReference; lastKnownFileType = text.plist.xml; path = Info.plist; sourceTree = "<group>"; };
		B28F60E21D6436730073813B /* IMLotteryUITests.xctest */ = {isa = PBXFileReference; explicitFileType = wrapper.cfbundle; includeInIndex = 0; path = IMLotteryUITests.xctest; sourceTree = BUILT_PRODUCTS_DIR; };
		B28F60E61D6436730073813B /* IMLotteryUITests.m */ = {isa = PBXFileReference; lastKnownFileType = sourcecode.c.objc; path = IMLotteryUITests.m; sourceTree = "<group>"; };
		B28F60E81D6436730073813B /* Info.plist */ = {isa = PBXFileReference; lastKnownFileType = text.plist.xml; path = Info.plist; sourceTree = "<group>"; };
		BBE8B43C3DEC4318721C3F4A /* libPods-IMLottery.a */ = {isa = PBXFileReference; explicitFileType = archive.ar; includeInIndex = 0; path = "libPods-IMLottery.a"; sourceTree = BUILT_PRODUCTS_DIR; };
		BCA5723B6A8418506CE4FEB4 /* Pods-IMLottery.debug.xcconfig */ = {isa = PBXFileReference; includeInIndex = 1; lastKnownFileType = text.xcconfig; name = "Pods-IMLottery.debug.xcconfig"; path = "Pods/Target Support Files/Pods-IMLottery/Pods-IMLottery.debug.xcconfig"; sourceTree = "<group>"; };
/* End PBXFileReference section */

/* Begin PBXFrameworksBuildPhase section */
		B28F60BB1D6436730073813B /* Frameworks */ = {
			isa = PBXFrameworksBuildPhase;
			buildActionMask = 2147483647;
			files = (
				31184A910FE16C22D163DE8F /* libPods-IMLottery.a in Frameworks */,
			);
			runOnlyForDeploymentPostprocessing = 0;
		};
		B28F60D41D6436730073813B /* Frameworks */ = {
			isa = PBXFrameworksBuildPhase;
			buildActionMask = 2147483647;
			files = (
			);
			runOnlyForDeploymentPostprocessing = 0;
		};
		B28F60DF1D6436730073813B /* Frameworks */ = {
			isa = PBXFrameworksBuildPhase;
			buildActionMask = 2147483647;
			files = (
			);
			runOnlyForDeploymentPostprocessing = 0;
		};
/* End PBXFrameworksBuildPhase section */

/* Begin PBXGroup section */
		2A668F4C1F0DD352008C1951 /* Tools */ = {
			isa = PBXGroup;
			children = (
				2A668FDC1F0F264D008C1951 /* LWNetwork */,
				2A668FC41F0E3352008C1951 /* Third */,
				2A668FBB1F0E3171008C1951 /* UIColor+MyColor.h */,
				2A668FBC1F0E3171008C1951 /* UIColor+MyColor.m */,
				2A668FB81F0E3106008C1951 /* MyToast.h */,
				2A668FB91F0E3106008C1951 /* MyToast.m */,
				2A668F5E1F0DD564008C1951 /* GiFHUD */,
				2A668F611F0DD564008C1951 /* iToast.h */,
				2A668F621F0DD564008C1951 /* iToast.m */,
				2A668F631F0DD564008C1951 /* LWCategory */,
				2A668F511F0DD352008C1951 /* NSString+Contains.h */,
				2A668F521F0DD352008C1951 /* NSString+Contains.m */,
				2A668F531F0DD352008C1951 /* README.md */,
				2A668F541F0DD352008C1951 /* UIColor+Extension.h */,
				2A668F551F0DD352008C1951 /* UIColor+Extension.m */,
				2A668F561F0DD352008C1951 /* UIView+Extension.h */,
				2A668F571F0DD352008C1951 /* UIView+Extension.m */,
			);
			path = Tools;
			sourceTree = "<group>";
		};
		2A668F5E1F0DD564008C1951 /* GiFHUD */ = {
			isa = PBXGroup;
			children = (
				2A668F5F1F0DD564008C1951 /* GiFHUD.h */,
				2A668F601F0DD564008C1951 /* GiFHUD.m */,
			);
			path = GiFHUD;
			sourceTree = "<group>";
		};
		2A668F631F0DD564008C1951 /* LWCategory */ = {
			isa = PBXGroup;
			children = (
				2A668F641F0DD564008C1951 /* NSArray+Extension.h */,
				2A668F651F0DD564008C1951 /* NSArray+Extension.m */,
				2A668F661F0DD564008C1951 /* NSArray+QBSafeAccess.h */,
				2A668F671F0DD564008C1951 /* NSArray+QBSafeAccess.m */,
				2A668F681F0DD564008C1951 /* NSDictionary+Extension.h */,
				2A668F691F0DD564008C1951 /* NSDictionary+Extension.m */,
				2A668F6A1F0DD564008C1951 /* NSDictionary+QBSafeAccess.h */,
				2A668F6B1F0DD564008C1951 /* NSDictionary+QBSafeAccess.m */,
				2A668F6C1F0DD564008C1951 /* NSString+Encode.h */,
				2A668F6D1F0DD564008C1951 /* NSString+Encode.m */,
			);
			path = LWCategory;
			sourceTree = "<group>";
		};
		2A668F941F0E2D6D008C1951 /* History */ = {
			isa = PBXGroup;
			children = (
				2A668FA31F0E2E33008C1951 /* HistoryController.h */,
				2A668FA41F0E2E33008C1951 /* HistoryController.m */,
				2A668FA51F0E2E33008C1951 /* HistoryController.xib */,
				2A668FE31F0F7A4F008C1951 /* ActivityListCell.h */,
				2A668FE41F0F7A4F008C1951 /* ActivityListCell.m */,
				2A668FE51F0F7A4F008C1951 /* ActivityListCell.xib */,
				2A668FE81F0F82AA008C1951 /* ActivityModel.h */,
				2A668FE91F0F82AA008C1951 /* ActivityModel.m */,
			);
			path = History;
			sourceTree = "<group>";
		};
		2A668F951F0E2D6D008C1951 /* Mine */ = {
			isa = PBXGroup;
			children = (
				2A6690281F137038008C1951 /* help.json */,
				2A668FA81F0E2E41008C1951 /* MineController.h */,
				2A668FA91F0E2E41008C1951 /* MineController.m */,
				2A668FAA1F0E2E41008C1951 /* MineController.xib */,
				2A6690251F136F9D008C1951 /* HelpCenterController.h */,
				2A6690261F136F9D008C1951 /* HelpCenterController.m */,
				2A66902A1F137601008C1951 /* LocalHtmlVC.h */,
				2A66902B1F137601008C1951 /* LocalHtmlVC.m */,
			);
			path = Mine;
			sourceTree = "<group>";
		};
		2A668F961F0E2D6D008C1951 /* Public */ = {
			isa = PBXGroup;
			children = (
				2A6690441F138D2C008C1951 /* LaunchIntroductionView.h */,
				2A6690451F138D2C008C1951 /* LaunchIntroductionView.m */,
				2A668FE01F0F618C008C1951 /* ChangeTablebar.h */,
				2A668FE11F0F618C008C1951 /* ChangeTablebar.m */,
				2A668FC11F0E31DB008C1951 /* BaseUI.h */,
				2A668FC21F0E31DB008C1951 /* BaseUI.m */,
				2A668FBE1F0E31A0008C1951 /* HtmlWebVC.h */,
				2A668FBF1F0E31A0008C1951 /* HtmlWebVC.m */,
				2A668FAD1F0E2EB0008C1951 /* MytableBarVC.h */,
				2A668FAE1F0E2EB0008C1951 /* MytableBarVC.m */,
				2A668F971F0E2D6D008C1951 /* BaseViewController.h */,
				2A668F981F0E2D6D008C1951 /* BaseViewController.m */,
				2A668F991F0E2D6D008C1951 /* LWNavController.h */,
				2A668F9A1F0E2D6D008C1951 /* LWNavController.m */,
			);
			path = Public;
			sourceTree = "<group>";
		};
		2A668F9D1F0E2DAF008C1951 /* Home */ = {
			isa = PBXGroup;
			children = (
				2A668F9E1F0E2E22008C1951 /* HomeController.h */,
				2A668F9F1F0E2E22008C1951 /* HomeController.m */,
				2A668FA01F0E2E22008C1951 /* HomeController.xib */,
				2A668FEB1F0F934E008C1951 /* LottoryListModel.h */,
				2A668FEC1F0F934E008C1951 /* LottoryListModel.m */,
				2A668FEE1F0F9835008C1951 /* LunboListModel.h */,
				2A668FEF1F0F9835008C1951 /* LunboListModel.m */,
				2A668FF11F0F98AD008C1951 /* ZixunListModel.h */,
				2A668FF21F0F98AD008C1951 /* ZixunListModel.m */,
				2A668FF41F132C83008C1951 /* ZixunlistCell.h */,
				2A668FF51F132C83008C1951 /* ZixunlistCell.m */,
				2A668FF61F132C83008C1951 /* ZixunlistCell.xib */,
				2A668FF91F134FB6008C1951 /* SecondController.h */,
				2A668FFA1F134FB6008C1951 /* SecondController.m */,
				2A668FFC1F1355C2008C1951 /* ZixunMoreListCell.h */,
				2A668FFD1F1355C2008C1951 /* ZixunMoreListCell.m */,
				2A668FFE1F1355C2008C1951 /* ZixunMoreListCell.xib */,
				2A6690011F13564C008C1951 /* ZixunListMoreModel.h */,
				2A6690021F13564C008C1951 /* ZixunListMoreModel.m */,
			);
			path = Home;
			sourceTree = "<group>";
		};
		2A668FB01F0E303F008C1951 /* Macro */ = {
			isa = PBXGroup;
			children = (
				2A668FB11F0E303F008C1951 /* ACMacros.h */,
				2A668FB21F0E303F008C1951 /* APIMacro.h */,
				2A668FB31F0E303F008C1951 /* AppMacro.h */,
				2A668FB41F0E303F008C1951 /* NotificationMacro.h */,
				2A668FB51F0E303F008C1951 /* ToolView.h */,
				2A668FB61F0E303F008C1951 /* UtilsMacro.h */,
				2A668FB71F0E303F008C1951 /* VendorMarco.h */,
			);
			path = Macro;
			sourceTree = "<group>";
		};
		2A668FC41F0E3352008C1951 /* Third */ = {
			isa = PBXGroup;
			children = (
				2A668FD51F0E339B008C1951 /* Activity */,
				2A668FC51F0E3352008C1951 /* SDRefrsh */,
			);
			path = Third;
			sourceTree = "<group>";
		};
		2A668FC51F0E3352008C1951 /* SDRefrsh */ = {
			isa = PBXGroup;
			children = (
				2A668FC61F0E3352008C1951 /* sdRefeshView_arrow@2x.png */,
				2A668FC71F0E3352008C1951 /* SDRefresh.h */,
				2A668FC81F0E3352008C1951 /* SDRefreshFooterView.h */,
				2A668FC91F0E3352008C1951 /* SDRefreshFooterView.m */,
				2A668FCA1F0E3352008C1951 /* SDRefreshHeaderView.h */,
				2A668FCB1F0E3352008C1951 /* SDRefreshHeaderView.m */,
				2A668FCC1F0E3352008C1951 /* SDRefreshView.h */,
				2A668FCD1F0E3352008C1951 /* SDRefreshView.m */,
				2A668FCE1F0E3352008C1951 /* UIView+SDExtension.h */,
				2A668FCF1F0E3352008C1951 /* UIView+SDExtension.m */,
			);
			path = SDRefrsh;
			sourceTree = "<group>";
		};
		2A668FD51F0E339B008C1951 /* Activity */ = {
			isa = PBXGroup;
			children = (
				2A668FD61F0E339B008C1951 /* ActivityView.h */,
				2A668FD71F0E339B008C1951 /* ActivityView.m */,
				2A668FD81F0E339B008C1951 /* LLARingSpinnerView.h */,
				2A668FD91F0E339B008C1951 /* LLARingSpinnerView.m */,
			);
			path = Activity;
			sourceTree = "<group>";
		};
		2A668FDC1F0F264D008C1951 /* LWNetwork */ = {
			isa = PBXGroup;
			children = (
				2A668FDD1F0F264D008C1951 /* NetworkTool.h */,
				2A668FDE1F0F264D008C1951 /* NetworkTool.m */,
			);
			path = LWNetwork;
			sourceTree = "<group>";
		};
		8A113AE5CCEE382590A840DA /* Pods */ = {
			isa = PBXGroup;
			children = (
				BCA5723B6A8418506CE4FEB4 /* Pods-IMLottery.debug.xcconfig */,
				07D5C4EE2FF3BC9DCEE17292 /* Pods-IMLottery.release.xcconfig */,
			);
			name = Pods;
			sourceTree = "<group>";
		};
		8EAE123123400D1B62C7F790 /* Frameworks */ = {
			isa = PBXGroup;
			children = (
				BBE8B43C3DEC4318721C3F4A /* libPods-IMLottery.a */,
			);
			name = Frameworks;
			sourceTree = "<group>";
		};
		B27943181D6A9D9D007749DC /* Html */ = {
			isa = PBXGroup;
			children = (
				B27943191D6A9D9D007749DC /* bjdc_howto.html */,
				B279431A1D6A9D9D007749DC /* coupon_help.html */,
				B279431B1D6A9D9D007749DC /* credit_help.html */,
				B279431C1D6A9D9D007749DC /* dlt_howto.html */,
				B279431D1D6A9D9D007749DC /* f9_howto.html */,
				B279431E1D6A9D9D007749DC /* gdy11_howto.html */,
				B279431F1D6A9D9D007749DC /* group_record.html */,
				B27943201D6A9D9D007749DC /* help.html */,
				B27943211D6A9D9D007749DC /* helpGroupBuy.html */,
				B27943221D6A9D9D007749DC /* jclq_howto.html */,
				B27943231D6A9D9D007749DC /* jczq_howto.html */,
				B27943241D6A9D9D007749DC /* jxssc_howto.html */,
				B27943251D6A9D9D007749DC /* jxy11_howto.html */,
				B27943261D6A9D9D007749DC /* k2_howto.html */,
				B27943271D6A9D9D007749DC /* k3_howto.html */,
				B27943281D6A9D9D007749DC /* kl8_howto.html */,
				B27943291D6A9D9D007749DC /* lk11_howto.html */,
				B279432A1D6A9D9D007749DC /* networkconnectedfailed.html */,
				B279432B1D6A9D9D007749DC /* pl3_howto.html */,
				B279432C1D6A9D9D007749DC /* pl5_howto.html */,
				B279432D1D6A9D9D007749DC /* qlc_howto.html */,
				B279432E1D6A9D9D007749DC /* qxc_howto.html */,
				B279432F1D6A9D9D007749DC /* rule.css */,
				B27943301D6A9D9D007749DC /* sfc_howto.html */,
				B27943311D6A9D9D007749DC /* ssc_howto.html */,
				B27943321D6A9D9D007749DC /* ssq_howto.html */,
				B27943331D6A9D9D007749DC /* x3d_howto.html */,
				B27943341D6A9D9D007749DC /* y11_howto.html */,
				B27943351D6A9D9D007749DC /* znzh.html */,
			);
			path = Html;
			sourceTree = "<group>";
		};
		B28F60B51D6436730073813B = {
			isa = PBXGroup;
			children = (
				B28F60C01D6436730073813B /* IMLottery */,
				B28F60DA1D6436730073813B /* IMLotteryTests */,
				B28F60E51D6436730073813B /* IMLotteryUITests */,
				B28F60BF1D6436730073813B /* Products */,
				B28F60CD1D6436730073813B /* Assets.xcassets */,
				8A113AE5CCEE382590A840DA /* Pods */,
				8EAE123123400D1B62C7F790 /* Frameworks */,
			);
			sourceTree = "<group>";
		};
		B28F60BF1D6436730073813B /* Products */ = {
			isa = PBXGroup;
			children = (
				B28F60BE1D6436730073813B /* IMLottery.app */,
				B28F60D71D6436730073813B /* IMLotteryTests.xctest */,
				B28F60E21D6436730073813B /* IMLotteryUITests.xctest */,
			);
			name = Products;
			sourceTree = "<group>";
		};
		B28F60C01D6436730073813B /* IMLottery */ = {
			isa = PBXGroup;
			children = (
				2A668FB01F0E303F008C1951 /* Macro */,
				B28F60C41D6436730073813B /* AppDelegate.h */,
				B28F60C51D6436730073813B /* AppDelegate.m */,
				2A668F7D1F0E1F62008C1951 /* IMLottery.entitlements */,
				2A668F9D1F0E2DAF008C1951 /* Home */,
				2A668F941F0E2D6D008C1951 /* History */,
				2A668F951F0E2D6D008C1951 /* Mine */,
				2A668F961F0E2D6D008C1951 /* Public */,
				2A668F4C1F0DD352008C1951 /* Tools */,
				B28F60C11D6436730073813B /* Supporting Files */,
			);
			path = IMLottery;
			sourceTree = "<group>";
		};
		B28F60C11D6436730073813B /* Supporting Files */ = {
			isa = PBXGroup;
			children = (
				B28F60D21D6436730073813B /* Info.plist */,
				B28F60C21D6436730073813B /* main.m */,
				B27943181D6A9D9D007749DC /* Html */,
				2A668F4B1F0DD08B008C1951 /* PrefixHeader.pch */,
			);
			name = "Supporting Files";
			sourceTree = "<group>";
		};
		B28F60DA1D6436730073813B /* IMLotteryTests */ = {
			isa = PBXGroup;
			children = (
				B28F60DB1D6436730073813B /* IMLotteryTests.m */,
				B28F60DD1D6436730073813B /* Info.plist */,
			);
			path = IMLotteryTests;
			sourceTree = "<group>";
		};
		B28F60E51D6436730073813B /* IMLotteryUITests */ = {
			isa = PBXGroup;
			children = (
				B28F60E61D6436730073813B /* IMLotteryUITests.m */,
				B28F60E81D6436730073813B /* Info.plist */,
			);
			path = IMLotteryUITests;
			sourceTree = "<group>";
		};
/* End PBXGroup section */

/* Begin PBXNativeTarget section */
		B28F60BD1D6436730073813B /* IMLottery */ = {
			isa = PBXNativeTarget;
			buildConfigurationList = B28F60EB1D6436730073813B /* Build configuration list for PBXNativeTarget "IMLottery" */;
			buildPhases = (
				B5FC52255DFD0917680E2391 /* [CP] Check Pods Manifest.lock */,
				B28F60BA1D6436730073813B /* Sources */,
				B28F60BB1D6436730073813B /* Frameworks */,
				B28F60BC1D6436730073813B /* Resources */,
				296CE7458C90A7439DF036A1 /* [CP] Embed Pods Frameworks */,
				47A896D2F0CF7FE288D5FC48 /* [CP] Copy Pods Resources */,
			);
			buildRules = (
			);
			dependencies = (
			);
			name = IMLottery;
			productName = IMLottery;
			productReference = B28F60BE1D6436730073813B /* IMLottery.app */;
			productType = "com.apple.product-type.application";
		};
		B28F60D61D6436730073813B /* IMLotteryTests */ = {
			isa = PBXNativeTarget;
			buildConfigurationList = B28F60EE1D6436730073813B /* Build configuration list for PBXNativeTarget "IMLotteryTests" */;
			buildPhases = (
				B28F60D31D6436730073813B /* Sources */,
				B28F60D41D6436730073813B /* Frameworks */,
				B28F60D51D6436730073813B /* Resources */,
			);
			buildRules = (
			);
			dependencies = (
				B28F60D91D6436730073813B /* PBXTargetDependency */,
			);
			name = IMLotteryTests;
			productName = IMLotteryTests;
			productReference = B28F60D71D6436730073813B /* IMLotteryTests.xctest */;
			productType = "com.apple.product-type.bundle.unit-test";
		};
		B28F60E11D6436730073813B /* IMLotteryUITests */ = {
			isa = PBXNativeTarget;
			buildConfigurationList = B28F60F11D6436730073813B /* Build configuration list for PBXNativeTarget "IMLotteryUITests" */;
			buildPhases = (
				B28F60DE1D6436730073813B /* Sources */,
				B28F60DF1D6436730073813B /* Frameworks */,
				B28F60E01D6436730073813B /* Resources */,
			);
			buildRules = (
			);
			dependencies = (
				B28F60E41D6436730073813B /* PBXTargetDependency */,
			);
			name = IMLotteryUITests;
			productName = IMLotteryUITests;
			productReference = B28F60E21D6436730073813B /* IMLotteryUITests.xctest */;
			productType = "com.apple.product-type.bundle.ui-testing";
		};
/* End PBXNativeTarget section */

/* Begin PBXProject section */
		B28F60B61D6436730073813B /* Project object */ = {
			isa = PBXProject;
			attributes = {
				LastUpgradeCheck = 0730;
				ORGANIZATIONNAME = "feng-Mac";
				TargetAttributes = {
					B28F60BD1D6436730073813B = {
						CreatedOnToolsVersion = 7.3.1;
						DevelopmentTeam = EBJ7344WKM;
						ProvisioningStyle = Manual;
						SystemCapabilities = {
							com.apple.Push = {
								enabled = 1;
							};
						};
					};
					B28F60D61D6436730073813B = {
						CreatedOnToolsVersion = 7.3.1;
						TestTargetID = B28F60BD1D6436730073813B;
					};
					B28F60E11D6436730073813B = {
						CreatedOnToolsVersion = 7.3.1;
						TestTargetID = B28F60BD1D6436730073813B;
					};
				};
			};
			buildConfigurationList = B28F60B91D6436730073813B /* Build configuration list for PBXProject "IMLottery" */;
			compatibilityVersion = "Xcode 3.2";
			developmentRegion = English;
			hasScannedForEncodings = 0;
			knownRegions = (
				en,
				Base,
			);
			mainGroup = B28F60B51D6436730073813B;
			productRefGroup = B28F60BF1D6436730073813B /* Products */;
			projectDirPath = "";
			projectRoot = "";
			targets = (
				B28F60BD1D6436730073813B /* IMLottery */,
				B28F60D61D6436730073813B /* IMLotteryTests */,
				B28F60E11D6436730073813B /* IMLotteryUITests */,
			);
		};
/* End PBXProject section */

/* Begin PBXResourcesBuildPhase section */
		B28F60BC1D6436730073813B /* Resources */ = {
			isa = PBXResourcesBuildPhase;
			buildActionMask = 2147483647;
			files = (
				B27943391D6A9D9D007749DC /* dlt_howto.html in Resources */,
				B27943461D6A9D9D007749DC /* lk11_howto.html in Resources */,
				2A668FF81F132C83008C1951 /* ZixunlistCell.xib in Resources */,
				B27943401D6A9D9D007749DC /* jczq_howto.html in Resources */,
				B279434E1D6A9D9D007749DC /* ssc_howto.html in Resources */,
				B27943361D6A9D9D007749DC /* bjdc_howto.html in Resources */,
				2A668FAC1F0E2E41008C1951 /* MineController.xib in Resources */,
				2A668FA71F0E2E33008C1951 /* HistoryController.xib in Resources */,
				B27943501D6A9D9D007749DC /* x3d_howto.html in Resources */,
				B279433D1D6A9D9D007749DC /* help.html in Resources */,
				2A668FE71F0F7A4F008C1951 /* ActivityListCell.xib in Resources */,
				B279433C1D6A9D9D007749DC /* group_record.html in Resources */,
				B27943451D6A9D9D007749DC /* kl8_howto.html in Resources */,
				B27943491D6A9D9D007749DC /* pl5_howto.html in Resources */,
				B279433F1D6A9D9D007749DC /* jclq_howto.html in Resources */,
				B279434C1D6A9D9D007749DC /* rule.css in Resources */,
				B27943411D6A9D9D007749DC /* jxssc_howto.html in Resources */,
				B28F60CE1D6436730073813B /* Assets.xcassets in Resources */,
				2A6690291F137038008C1951 /* help.json in Resources */,
				B27943481D6A9D9D007749DC /* pl3_howto.html in Resources */,
				2A668FA21F0E2E22008C1951 /* HomeController.xib in Resources */,
				B279433A1D6A9D9D007749DC /* f9_howto.html in Resources */,
				B27943441D6A9D9D007749DC /* k3_howto.html in Resources */,
				B27943381D6A9D9D007749DC /* credit_help.html in Resources */,
				B279433B1D6A9D9D007749DC /* gdy11_howto.html in Resources */,
				B27943421D6A9D9D007749DC /* jxy11_howto.html in Resources */,
				B27943471D6A9D9D007749DC /* networkconnectedfailed.html in Resources */,
				B279434A1D6A9D9D007749DC /* qlc_howto.html in Resources */,
				B27943431D6A9D9D007749DC /* k2_howto.html in Resources */,
				B279434B1D6A9D9D007749DC /* qxc_howto.html in Resources */,
				B27943521D6A9D9D007749DC /* znzh.html in Resources */,
				B279434F1D6A9D9D007749DC /* ssq_howto.html in Resources */,
				B27943511D6A9D9D007749DC /* y11_howto.html in Resources */,
				B279434D1D6A9D9D007749DC /* sfc_howto.html in Resources */,
				2A668FD01F0E3352008C1951 /* sdRefeshView_arrow@2x.png in Resources */,
				B27943371D6A9D9D007749DC /* coupon_help.html in Resources */,
				B279433E1D6A9D9D007749DC /* helpGroupBuy.html in Resources */,
				2A6690001F1355C2008C1951 /* ZixunMoreListCell.xib in Resources */,
			);
			runOnlyForDeploymentPostprocessing = 0;
		};
		B28F60D51D6436730073813B /* Resources */ = {
			isa = PBXResourcesBuildPhase;
			buildActionMask = 2147483647;
			files = (
			);
			runOnlyForDeploymentPostprocessing = 0;
		};
		B28F60E01D6436730073813B /* Resources */ = {
			isa = PBXResourcesBuildPhase;
			buildActionMask = 2147483647;
			files = (
			);
			runOnlyForDeploymentPostprocessing = 0;
		};
/* End PBXResourcesBuildPhase section */

/* Begin PBXShellScriptBuildPhase section */
		296CE7458C90A7439DF036A1 /* [CP] Embed Pods Frameworks */ = {
			isa = PBXShellScriptBuildPhase;
			buildActionMask = 2147483647;
			files = (
			);
			inputPaths = (
			);
			name = "[CP] Embed Pods Frameworks";
			outputPaths = (
			);
			runOnlyForDeploymentPostprocessing = 0;
			shellPath = /bin/sh;
			shellScript = "\"${SRCROOT}/Pods/Target Support Files/Pods-IMLottery/Pods-IMLottery-frameworks.sh\"\n";
			showEnvVarsInLog = 0;
		};
		47A896D2F0CF7FE288D5FC48 /* [CP] Copy Pods Resources */ = {
			isa = PBXShellScriptBuildPhase;
			buildActionMask = 2147483647;
			files = (
			);
			inputPaths = (
			);
			name = "[CP] Copy Pods Resources";
			outputPaths = (
			);
			runOnlyForDeploymentPostprocessing = 0;
			shellPath = /bin/sh;
			shellScript = "\"${SRCROOT}/Pods/Target Support Files/Pods-IMLottery/Pods-IMLottery-resources.sh\"\n";
			showEnvVarsInLog = 0;
		};
		B5FC52255DFD0917680E2391 /* [CP] Check Pods Manifest.lock */ = {
			isa = PBXShellScriptBuildPhase;
			buildActionMask = 2147483647;
			files = (
			);
			inputPaths = (
			);
			name = "[CP] Check Pods Manifest.lock";
			outputPaths = (
			);
			runOnlyForDeploymentPostprocessing = 0;
			shellPath = /bin/sh;
			shellScript = "diff \"${PODS_ROOT}/../Podfile.lock\" \"${PODS_ROOT}/Manifest.lock\" > /dev/null\nif [ $? != 0 ] ; then\n    # print error to STDERR\n    echo \"error: The sandbox is not in sync with the Podfile.lock. Run 'pod install' or update your CocoaPods installation.\" >&2\n    exit 1\nfi\n";
			showEnvVarsInLog = 0;
		};
/* End PBXShellScriptBuildPhase section */

/* Begin PBXSourcesBuildPhase section */
		B28F60BA1D6436730073813B /* Sources */ = {
			isa = PBXSourcesBuildPhase;
			buildActionMask = 2147483647;
			files = (
				2A668FD11F0E3352008C1951 /* SDRefreshFooterView.m in Sources */,
				2A668F741F0DD564008C1951 /* NSString+Encode.m in Sources */,
				2A668F701F0DD564008C1951 /* NSArray+Extension.m in Sources */,
				2A668FFB1F134FB6008C1951 /* SecondController.m in Sources */,
				2A668FF71F132C83008C1951 /* ZixunlistCell.m in Sources */,
				2A6690031F13564C008C1951 /* ZixunListMoreModel.m in Sources */,
				2A668F5A1F0DD352008C1951 /* NSString+Contains.m in Sources */,
				2A668FF01F0F9835008C1951 /* LunboListModel.m in Sources */,
				2A668FD41F0E3352008C1951 /* UIView+SDExtension.m in Sources */,
				2A668FF31F0F98AD008C1951 /* ZixunListModel.m in Sources */,
				2A668F721F0DD564008C1951 /* NSDictionary+Extension.m in Sources */,
				2A668FAF1F0E2EB0008C1951 /* MytableBarVC.m in Sources */,
				2A668F6E1F0DD564008C1951 /* GiFHUD.m in Sources */,
				2A668FFF1F1355C2008C1951 /* ZixunMoreListCell.m in Sources */,
				2A668F9B1F0E2D6D008C1951 /* BaseViewController.m in Sources */,
				B28F60C61D6436730073813B /* AppDelegate.m in Sources */,
				2A668F731F0DD564008C1951 /* NSDictionary+QBSafeAccess.m in Sources */,
				2A668FBA1F0E3106008C1951 /* MyToast.m in Sources */,
				2A668FE21F0F618C008C1951 /* ChangeTablebar.m in Sources */,
				2A668FA11F0E2E22008C1951 /* HomeController.m in Sources */,
				2A668F5D1F0DD352008C1951 /* UIView+Extension.m in Sources */,
				2A66902C1F137601008C1951 /* LocalHtmlVC.m in Sources */,
				B28F60C31D6436730073813B /* main.m in Sources */,
				2A6690461F138D2C008C1951 /* LaunchIntroductionView.m in Sources */,
				2A668F711F0DD564008C1951 /* NSArray+QBSafeAccess.m in Sources */,
				2A668FEA1F0F82AA008C1951 /* ActivityModel.m in Sources */,
				2A668FD31F0E3352008C1951 /* SDRefreshView.m in Sources */,
				2A668FA61F0E2E33008C1951 /* HistoryController.m in Sources */,
				2A668FBD1F0E3171008C1951 /* UIColor+MyColor.m in Sources */,
				2A668F5C1F0DD352008C1951 /* UIColor+Extension.m in Sources */,
				2A668FDF1F0F264D008C1951 /* NetworkTool.m in Sources */,
				2A668FE61F0F7A4F008C1951 /* ActivityListCell.m in Sources */,
				2A668F9C1F0E2D6D008C1951 /* LWNavController.m in Sources */,
				2A668FC01F0E31A0008C1951 /* HtmlWebVC.m in Sources */,
				2A668FC31F0E31DB008C1951 /* BaseUI.m in Sources */,
				2A668F5B1F0DD352008C1951 /* README.md in Sources */,
				2A668FDB1F0E339B008C1951 /* LLARingSpinnerView.m in Sources */,
				2A668FAB1F0E2E41008C1951 /* MineController.m in Sources */,
				2A6690271F136F9D008C1951 /* HelpCenterController.m in Sources */,
				2A668FDA1F0E339B008C1951 /* ActivityView.m in Sources */,
				2A668FED1F0F934E008C1951 /* LottoryListModel.m in Sources */,
				2A668FD21F0E3352008C1951 /* SDRefreshHeaderView.m in Sources */,
				2A668F6F1F0DD564008C1951 /* iToast.m in Sources */,
			);
			runOnlyForDeploymentPostprocessing = 0;
		};
		B28F60D31D6436730073813B /* Sources */ = {
			isa = PBXSourcesBuildPhase;
			buildActionMask = 2147483647;
			files = (
				B28F60DC1D6436730073813B /* IMLotteryTests.m in Sources */,
			);
			runOnlyForDeploymentPostprocessing = 0;
		};
		B28F60DE1D6436730073813B /* Sources */ = {
			isa = PBXSourcesBuildPhase;
			buildActionMask = 2147483647;
			files = (
				B28F60E71D6436730073813B /* IMLotteryUITests.m in Sources */,
			);
			runOnlyForDeploymentPostprocessing = 0;
		};
/* End PBXSourcesBuildPhase section */

/* Begin PBXTargetDependency section */
		B28F60D91D6436730073813B /* PBXTargetDependency */ = {
			isa = PBXTargetDependency;
			target = B28F60BD1D6436730073813B /* IMLottery */;
			targetProxy = B28F60D81D6436730073813B /* PBXContainerItemProxy */;
		};
		B28F60E41D6436730073813B /* PBXTargetDependency */ = {
			isa = PBXTargetDependency;
			target = B28F60BD1D6436730073813B /* IMLottery */;
			targetProxy = B28F60E31D6436730073813B /* PBXContainerItemProxy */;
		};
/* End PBXTargetDependency section */

/* Begin XCBuildConfiguration section */
		B28F60E91D6436730073813B /* Debug */ = {
			isa = XCBuildConfiguration;
			buildSettings = {
				ALWAYS_SEARCH_USER_PATHS = NO;
				CLANG_ANALYZER_NONNULL = YES;
				CLANG_CXX_LANGUAGE_STANDARD = "gnu++0x";
				CLANG_CXX_LIBRARY = "libc++";
				CLANG_ENABLE_MODULES = YES;
				CLANG_ENABLE_OBJC_ARC = YES;
				CLANG_WARN_BOOL_CONVERSION = YES;
				CLANG_WARN_CONSTANT_CONVERSION = YES;
				CLANG_WARN_DIRECT_OBJC_ISA_USAGE = YES_ERROR;
				CLANG_WARN_EMPTY_BODY = YES;
				CLANG_WARN_ENUM_CONVERSION = YES;
				CLANG_WARN_INT_CONVERSION = YES;
				CLANG_WARN_OBJC_ROOT_CLASS = YES_ERROR;
				CLANG_WARN_UNREACHABLE_CODE = YES;
				CLANG_WARN__DUPLICATE_METHOD_MATCH = YES;
				"CODE_SIGN_IDENTITY[sdk=iphoneos*]" = "iPhone Developer";
				COPY_PHASE_STRIP = NO;
				DEBUG_INFORMATION_FORMAT = dwarf;
				ENABLE_STRICT_OBJC_MSGSEND = YES;
				ENABLE_TESTABILITY = YES;
				GCC_C_LANGUAGE_STANDARD = gnu99;
				GCC_DYNAMIC_NO_PIC = NO;
				GCC_NO_COMMON_BLOCKS = YES;
				GCC_OPTIMIZATION_LEVEL = 0;
				GCC_PREPROCESSOR_DEFINITIONS = (
					"DEBUG=1",
					"$(inherited)",
				);
				GCC_WARN_64_TO_32_BIT_CONVERSION = YES;
				GCC_WARN_ABOUT_RETURN_TYPE = YES_ERROR;
				GCC_WARN_UNDECLARED_SELECTOR = YES;
				GCC_WARN_UNINITIALIZED_AUTOS = YES_AGGRESSIVE;
				GCC_WARN_UNUSED_FUNCTION = YES;
				GCC_WARN_UNUSED_VARIABLE = YES;
				IPHONEOS_DEPLOYMENT_TARGET = 9.3;
				MTL_ENABLE_DEBUG_INFO = YES;
				ONLY_ACTIVE_ARCH = YES;
				SDKROOT = iphoneos;
			};
			name = Debug;
		};
		B28F60EA1D6436730073813B /* Release */ = {
			isa = XCBuildConfiguration;
			buildSettings = {
				ALWAYS_SEARCH_USER_PATHS = NO;
				CLANG_ANALYZER_NONNULL = YES;
				CLANG_CXX_LANGUAGE_STANDARD = "gnu++0x";
				CLANG_CXX_LIBRARY = "libc++";
				CLANG_ENABLE_MODULES = YES;
				CLANG_ENABLE_OBJC_ARC = YES;
				CLANG_WARN_BOOL_CONVERSION = YES;
				CLANG_WARN_CONSTANT_CONVERSION = YES;
				CLANG_WARN_DIRECT_OBJC_ISA_USAGE = YES_ERROR;
				CLANG_WARN_EMPTY_BODY = YES;
				CLANG_WARN_ENUM_CONVERSION = YES;
				CLANG_WARN_INT_CONVERSION = YES;
				CLANG_WARN_OBJC_ROOT_CLASS = YES_ERROR;
				CLANG_WARN_UNREACHABLE_CODE = YES;
				CLANG_WARN__DUPLICATE_METHOD_MATCH = YES;
				"CODE_SIGN_IDENTITY[sdk=iphoneos*]" = "iPhone Developer";
				COPY_PHASE_STRIP = NO;
				DEBUG_INFORMATION_FORMAT = "dwarf-with-dsym";
				ENABLE_NS_ASSERTIONS = NO;
				ENABLE_STRICT_OBJC_MSGSEND = YES;
				GCC_C_LANGUAGE_STANDARD = gnu99;
				GCC_NO_COMMON_BLOCKS = YES;
				GCC_WARN_64_TO_32_BIT_CONVERSION = YES;
				GCC_WARN_ABOUT_RETURN_TYPE = YES_ERROR;
				GCC_WARN_UNDECLARED_SELECTOR = YES;
				GCC_WARN_UNINITIALIZED_AUTOS = YES_AGGRESSIVE;
				GCC_WARN_UNUSED_FUNCTION = YES;
				GCC_WARN_UNUSED_VARIABLE = YES;
				IPHONEOS_DEPLOYMENT_TARGET = 9.3;
				MTL_ENABLE_DEBUG_INFO = NO;
				SDKROOT = iphoneos;
				VALIDATE_PRODUCT = YES;
			};
			name = Release;
		};
		B28F60EC1D6436730073813B /* Debug */ = {
			isa = XCBuildConfiguration;
			baseConfigurationReference = BCA5723B6A8418506CE4FEB4 /* Pods-IMLottery.debug.xcconfig */;
			buildSettings = {
				ASSETCATALOG_COMPILER_APPICON_NAME = AppIcon;
				ASSETCATALOG_COMPILER_LAUNCHIMAGE_NAME = LaunchImage;
				CODE_SIGN_ENTITLEMENTS = IMLottery/IMLottery.entitlements;
				CODE_SIGN_IDENTITY = "iPhone Distribution: Ting Yang (EBJ7344WKM)";
				"CODE_SIGN_IDENTITY[sdk=iphoneos*]" = "iPhone Distribution: Ting Yang (EBJ7344WKM)";
				DEVELOPMENT_TEAM = EBJ7344WKM;
				GCC_PRECOMPILE_PREFIX_HEADER = YES;
				GCC_PREFIX_HEADER = "$(SRCROOT)/IMLottery/PrefixHeader.pch";
				INFOPLIST_FILE = IMLottery/Info.plist;
				LD_RUNPATH_SEARCH_PATHS = "$(inherited) @executable_path/Frameworks";
				PRODUCT_BUNDLE_IDENTIFIER = com.qb.LWLottery;
				PRODUCT_NAME = "$(TARGET_NAME)";
				PROVISIONING_PROFILE = "7d2c4ab6-f67a-494a-adca-669e2ecbab33";
				PROVISIONING_PROFILE_SPECIFIER = lottery_provision_product_adhoc;
			};
			name = Debug;
		};
		B28F60ED1D6436730073813B /* Release */ = {
			isa = XCBuildConfiguration;
			baseConfigurationReference = 07D5C4EE2FF3BC9DCEE17292 /* Pods-IMLottery.release.xcconfig */;
			buildSettings = {
				ASSETCATALOG_COMPILER_APPICON_NAME = AppIcon;
				ASSETCATALOG_COMPILER_LAUNCHIMAGE_NAME = LaunchImage;
				CODE_SIGN_ENTITLEMENTS = IMLottery/IMLottery.entitlements;
				CODE_SIGN_IDENTITY = "iPhone Distribution: Ting Yang (EBJ7344WKM)";
				"CODE_SIGN_IDENTITY[sdk=iphoneos*]" = "iPhone Distribution: Ting Yang (EBJ7344WKM)";
				DEVELOPMENT_TEAM = EBJ7344WKM;
				GCC_PRECOMPILE_PREFIX_HEADER = YES;
				GCC_PREFIX_HEADER = "$(SRCROOT)/IMLottery/PrefixHeader.pch";
				INFOPLIST_FILE = IMLottery/Info.plist;
				LD_RUNPATH_SEARCH_PATHS = "$(inherited) @executable_path/Frameworks";
				PRODUCT_BUNDLE_IDENTIFIER = com.qb.LWLottery;
				PRODUCT_NAME = "$(TARGET_NAME)";
				PROVISIONING_PROFILE = "7d2c4ab6-f67a-494a-adca-669e2ecbab33";
				PROVISIONING_PROFILE_SPECIFIER = lottery_provision_product_adhoc;
			};
			name = Release;
		};
		B28F60EF1D6436730073813B /* Debug */ = {
			isa = XCBuildConfiguration;
			buildSettings = {
				BUNDLE_LOADER = "$(TEST_HOST)";
				INFOPLIST_FILE = IMLotteryTests/Info.plist;
				LD_RUNPATH_SEARCH_PATHS = "$(inherited) @executable_path/Frameworks @loader_path/Frameworks";
				PRODUCT_BUNDLE_IDENTIFIER = zdf.IMLotteryTests;
				PRODUCT_NAME = "$(TARGET_NAME)";
				TEST_HOST = "$(BUILT_PRODUCTS_DIR)/IMLottery.app/IMLottery";
			};
			name = Debug;
		};
		B28F60F01D6436730073813B /* Release */ = {
			isa = XCBuildConfiguration;
			buildSettings = {
				BUNDLE_LOADER = "$(TEST_HOST)";
				INFOPLIST_FILE = IMLotteryTests/Info.plist;
				LD_RUNPATH_SEARCH_PATHS = "$(inherited) @executable_path/Frameworks @loader_path/Frameworks";
				PRODUCT_BUNDLE_IDENTIFIER = zdf.IMLotteryTests;
				PRODUCT_NAME = "$(TARGET_NAME)";
				TEST_HOST = "$(BUILT_PRODUCTS_DIR)/IMLottery.app/IMLottery";
			};
			name = Release;
		};
		B28F60F21D6436730073813B /* Debug */ = {
			isa = XCBuildConfiguration;
			buildSettings = {
				INFOPLIST_FILE = IMLotteryUITests/Info.plist;
				LD_RUNPATH_SEARCH_PATHS = "$(inherited) @executable_path/Frameworks @loader_path/Frameworks";
				PRODUCT_BUNDLE_IDENTIFIER = zdf.IMLotteryUITests;
				PRODUCT_NAME = "$(TARGET_NAME)";
				TEST_TARGET_NAME = IMLottery;
			};
			name = Debug;
		};
		B28F60F31D6436730073813B /* Release */ = {
			isa = XCBuildConfiguration;
			buildSettings = {
				INFOPLIST_FILE = IMLotteryUITests/Info.plist;
				LD_RUNPATH_SEARCH_PATHS = "$(inherited) @executable_path/Frameworks @loader_path/Frameworks";
				PRODUCT_BUNDLE_IDENTIFIER = zdf.IMLotteryUITests;
				PRODUCT_NAME = "$(TARGET_NAME)";
				TEST_TARGET_NAME = IMLottery;
			};
			name = Release;
		};
/* End XCBuildConfiguration section */

/* Begin XCConfigurationList section */
		B28F60B91D6436730073813B /* Build configuration list for PBXProject "IMLottery" */ = {
			isa = XCConfigurationList;
			buildConfigurations = (
				B28F60E91D6436730073813B /* Debug */,
				B28F60EA1D6436730073813B /* Release */,
			);
			defaultConfigurationIsVisible = 0;
			defaultConfigurationName = Release;
		};
		B28F60EB1D6436730073813B /* Build configuration list for PBXNativeTarget "IMLottery" */ = {
			isa = XCConfigurationList;
			buildConfigurations = (
				B28F60EC1D6436730073813B /* Debug */,
				B28F60ED1D6436730073813B /* Release */,
			);
			defaultConfigurationIsVisible = 0;
			defaultConfigurationName = Release;
		};
		B28F60EE1D6436730073813B /* Build configuration list for PBXNativeTarget "IMLotteryTests" */ = {
			isa = XCConfigurationList;
			buildConfigurations = (
				B28F60EF1D6436730073813B /* Debug */,
				B28F60F01D6436730073813B /* Release */,
			);
			defaultConfigurationIsVisible = 0;
			defaultConfigurationName = Release;
		};
		B28F60F11D6436730073813B /* Build configuration list for PBXNativeTarget "IMLotteryUITests" */ = {
			isa = XCConfigurationList;
			buildConfigurations = (
				B28F60F21D6436730073813B /* Debug */,
				B28F60F31D6436730073813B /* Release */,
			);
			defaultConfigurationIsVisible = 0;
			defaultConfigurationName = Release;
		};
/* End XCConfigurationList section */
	};
	rootObject = B28F60B61D6436730073813B /* Project object */;
}
